// !$*UTF8*$!
{
	archiveVersion = 1;
	classes = {
	};
	objectVersion = 50;
	objects = {

/* Begin PBXBuildFile section */
		F70E6A7426D3E4AA00D54D92 /* MazeBuilder.swift in Sources */ = {isa = PBXBuildFile; fileRef = F70E6A7326D3E4AA00D54D92 /* MazeBuilder.swift */; };
		F70E6A7726D3E4BA00D54D92 /* BombedMazeBuilder.swift in Sources */ = {isa = PBXBuildFile; fileRef = F70E6A7626D3E4BA00D54D92 /* BombedMazeBuilder.swift */; };
		F73082F826DE8102008C3B5D /* Singleton.swift in Sources */ = {isa = PBXBuildFile; fileRef = F73082F726DE8102008C3B5D /* Singleton.swift */; };
		F731F90F26C17D6F0031F718 /* BombedMazeFactory.swift in Sources */ = {isa = PBXBuildFile; fileRef = F731F90E26C17D6F0031F718 /* BombedMazeFactory.swift */; };
		F731F91426C17E570031F718 /* BombedWall.swift in Sources */ = {isa = PBXBuildFile; fileRef = F731F91326C17E570031F718 /* BombedWall.swift */; };
		F731F91626C17F260031F718 /* BombedRoom.swift in Sources */ = {isa = PBXBuildFile; fileRef = F731F91526C17F260031F718 /* BombedRoom.swift */; };
		F7549A7526DA3119005ECBD4 /* Factory_MazeCreator.swift in Sources */ = {isa = PBXBuildFile; fileRef = F7549A7426DA3119005ECBD4 /* Factory_MazeCreator.swift */; };
		F7549A8126DA3289005ECBD4 /* BombedMazeCreator.swift in Sources */ = {isa = PBXBuildFile; fileRef = F7549A8026DA3289005ECBD4 /* BombedMazeCreator.swift */; };
		F7549A8326DA3296005ECBD4 /* EnchantedMazeCreator.swift in Sources */ = {isa = PBXBuildFile; fileRef = F7549A8226DA3296005ECBD4 /* EnchantedMazeCreator.swift */; };
		F7549A8526DA32A0005ECBD4 /* HardcoreMazeCreator.swift in Sources */ = {isa = PBXBuildFile; fileRef = F7549A8426DA32A0005ECBD4 /* HardcoreMazeCreator.swift */; };
		F7549A8926DA35BF005ECBD4 /* HardcoreDoor.swift in Sources */ = {isa = PBXBuildFile; fileRef = F7549A8826DA35BF005ECBD4 /* HardcoreDoor.swift */; };
		F7549A8B26DA35C7005ECBD4 /* HardcoreRoom.swift in Sources */ = {isa = PBXBuildFile; fileRef = F7549A8A26DA35C7005ECBD4 /* HardcoreRoom.swift */; };
		F7549A8D26DA35E2005ECBD4 /* HardcoreWall.swift in Sources */ = {isa = PBXBuildFile; fileRef = F7549A8C26DA35E2005ECBD4 /* HardcoreWall.swift */; };
		F7D0E7C626D3F64E003FF030 /* EnchantedMazeBuilder.swift in Sources */ = {isa = PBXBuildFile; fileRef = F7D0E7C526D3F64E003FF030 /* EnchantedMazeBuilder.swift */; };
		F7D0E7C926D3F730003FF030 /* EnchantedRoom.swift in Sources */ = {isa = PBXBuildFile; fileRef = F7D0E7C826D3F730003FF030 /* EnchantedRoom.swift */; };
		F7D0E7CB26D3F76E003FF030 /* EnchantedWall.swift in Sources */ = {isa = PBXBuildFile; fileRef = F7D0E7CA26D3F76E003FF030 /* EnchantedWall.swift */; };
		F7D0E7CF26D3F880003FF030 /* BombedDoor.swift in Sources */ = {isa = PBXBuildFile; fileRef = F7D0E7CE26D3F880003FF030 /* BombedDoor.swift */; };
		F7D0E7D126D3F983003FF030 /* Builder_MazeCreator.swift in Sources */ = {isa = PBXBuildFile; fileRef = F7D0E7D026D3F983003FF030 /* Builder_MazeCreator.swift */; };
		F7D0E7D326D3FB56003FF030 /* EnchantedDoor.swift in Sources */ = {isa = PBXBuildFile; fileRef = F7D0E7D226D3FB56003FF030 /* EnchantedDoor.swift */; };
		F7FD439926BD7B1900173259 /* AppDelegate.swift in Sources */ = {isa = PBXBuildFile; fileRef = F7FD439826BD7B1900173259 /* AppDelegate.swift */; };
		F7FD439B26BD7B1900173259 /* SceneDelegate.swift in Sources */ = {isa = PBXBuildFile; fileRef = F7FD439A26BD7B1900173259 /* SceneDelegate.swift */; };
		F7FD439D26BD7B1900173259 /* ViewController.swift in Sources */ = {isa = PBXBuildFile; fileRef = F7FD439C26BD7B1900173259 /* ViewController.swift */; };
		F7FD43A026BD7B1900173259 /* Main.storyboard in Resources */ = {isa = PBXBuildFile; fileRef = F7FD439E26BD7B1900173259 /* Main.storyboard */; };
		F7FD43A526BD7B1C00173259 /* LaunchScreen.storyboard in Resources */ = {isa = PBXBuildFile; fileRef = F7FD43A326BD7B1C00173259 /* LaunchScreen.storyboard */; };
		F7FD43B026BD7B1C00173259 /* DesignPatternProjectTests.swift in Sources */ = {isa = PBXBuildFile; fileRef = F7FD43AF26BD7B1C00173259 /* DesignPatternProjectTests.swift */; };
		F7FD43BB26BD7B1C00173259 /* DesignPatternProjectUITests.swift in Sources */ = {isa = PBXBuildFile; fileRef = F7FD43BA26BD7B1C00173259 /* DesignPatternProjectUITests.swift */; };
		F7FD43CB26BD7BD100173259 /* MapSite.swift in Sources */ = {isa = PBXBuildFile; fileRef = F7FD43CA26BD7BD100173259 /* MapSite.swift */; };
		F7FD43CD26BD7BFB00173259 /* Room.swift in Sources */ = {isa = PBXBuildFile; fileRef = F7FD43CC26BD7BFB00173259 /* Room.swift */; };
		F7FD43CF26BD7C0600173259 /* Wall.swift in Sources */ = {isa = PBXBuildFile; fileRef = F7FD43CE26BD7C0600173259 /* Wall.swift */; };
		F7FD43D126BD7C0D00173259 /* Door.swift in Sources */ = {isa = PBXBuildFile; fileRef = F7FD43D026BD7C0D00173259 /* Door.swift */; };
		F7FD43D326BD7C1900173259 /* Maze.swift in Sources */ = {isa = PBXBuildFile; fileRef = F7FD43D226BD7C1900173259 /* Maze.swift */; };
		F7FD43D526BD7D6800173259 /* Dicrection.swift in Sources */ = {isa = PBXBuildFile; fileRef = F7FD43D426BD7D6800173259 /* Dicrection.swift */; };
		F7FD43DB26BD8C6E00173259 /* Assets.xcassets in Resources */ = {isa = PBXBuildFile; fileRef = F7FD43DA26BD8C6E00173259 /* Assets.xcassets */; };
		F7FD43EE26BD905A00173259 /* AF_MazeCreator.swift in Sources */ = {isa = PBXBuildFile; fileRef = F7FD43ED26BD905A00173259 /* AF_MazeCreator.swift */; };
		F7FD43F026BD90AE00173259 /* MazeFactory.swift in Sources */ = {isa = PBXBuildFile; fileRef = F7FD43EF26BD90AE00173259 /* MazeFactory.swift */; };
/* End PBXBuildFile section */

/* Begin PBXContainerItemProxy section */
		F7FD43AC26BD7B1C00173259 /* PBXContainerItemProxy */ = {
			isa = PBXContainerItemProxy;
			containerPortal = F7FD438D26BD7B1900173259 /* Project object */;
			proxyType = 1;
			remoteGlobalIDString = F7FD439426BD7B1900173259;
			remoteInfo = DesignPatternProject;
		};
		F7FD43B726BD7B1C00173259 /* PBXContainerItemProxy */ = {
			isa = PBXContainerItemProxy;
			containerPortal = F7FD438D26BD7B1900173259 /* Project object */;
			proxyType = 1;
			remoteGlobalIDString = F7FD439426BD7B1900173259;
			remoteInfo = DesignPatternProject;
		};
/* End PBXContainerItemProxy section */

/* Begin PBXFileReference section */
		F70E6A7326D3E4AA00D54D92 /* MazeBuilder.swift */ = {isa = PBXFileReference; lastKnownFileType = sourcecode.swift; path = MazeBuilder.swift; sourceTree = "<group>"; };
		F70E6A7626D3E4BA00D54D92 /* BombedMazeBuilder.swift */ = {isa = PBXFileReference; lastKnownFileType = sourcecode.swift; path = BombedMazeBuilder.swift; sourceTree = "<group>"; };
		F73082F726DE8102008C3B5D /* Singleton.swift */ = {isa = PBXFileReference; lastKnownFileType = sourcecode.swift; path = Singleton.swift; sourceTree = "<group>"; };
		F731F90E26C17D6F0031F718 /* BombedMazeFactory.swift */ = {isa = PBXFileReference; lastKnownFileType = sourcecode.swift; path = BombedMazeFactory.swift; sourceTree = "<group>"; };
		F731F91326C17E570031F718 /* BombedWall.swift */ = {isa = PBXFileReference; lastKnownFileType = sourcecode.swift; path = BombedWall.swift; sourceTree = "<group>"; };
		F731F91526C17F260031F718 /* BombedRoom.swift */ = {isa = PBXFileReference; lastKnownFileType = sourcecode.swift; path = BombedRoom.swift; sourceTree = "<group>"; };
		F7549A7426DA3119005ECBD4 /* Factory_MazeCreator.swift */ = {isa = PBXFileReference; lastKnownFileType = sourcecode.swift; path = Factory_MazeCreator.swift; sourceTree = "<group>"; };
		F7549A8026DA3289005ECBD4 /* BombedMazeCreator.swift */ = {isa = PBXFileReference; lastKnownFileType = sourcecode.swift; path = BombedMazeCreator.swift; sourceTree = "<group>"; };
		F7549A8226DA3296005ECBD4 /* EnchantedMazeCreator.swift */ = {isa = PBXFileReference; lastKnownFileType = sourcecode.swift; path = EnchantedMazeCreator.swift; sourceTree = "<group>"; };
		F7549A8426DA32A0005ECBD4 /* HardcoreMazeCreator.swift */ = {isa = PBXFileReference; lastKnownFileType = sourcecode.swift; path = HardcoreMazeCreator.swift; sourceTree = "<group>"; };
		F7549A8826DA35BF005ECBD4 /* HardcoreDoor.swift */ = {isa = PBXFileReference; lastKnownFileType = sourcecode.swift; path = HardcoreDoor.swift; sourceTree = "<group>"; };
		F7549A8A26DA35C7005ECBD4 /* HardcoreRoom.swift */ = {isa = PBXFileReference; lastKnownFileType = sourcecode.swift; path = HardcoreRoom.swift; sourceTree = "<group>"; };
		F7549A8C26DA35E2005ECBD4 /* HardcoreWall.swift */ = {isa = PBXFileReference; lastKnownFileType = sourcecode.swift; path = HardcoreWall.swift; sourceTree = "<group>"; };
		F7D0E7C526D3F64E003FF030 /* EnchantedMazeBuilder.swift */ = {isa = PBXFileReference; lastKnownFileType = sourcecode.swift; path = EnchantedMazeBuilder.swift; sourceTree = "<group>"; };
		F7D0E7C826D3F730003FF030 /* EnchantedRoom.swift */ = {isa = PBXFileReference; lastKnownFileType = sourcecode.swift; path = EnchantedRoom.swift; sourceTree = "<group>"; };
		F7D0E7CA26D3F76E003FF030 /* EnchantedWall.swift */ = {isa = PBXFileReference; lastKnownFileType = sourcecode.swift; path = EnchantedWall.swift; sourceTree = "<group>"; };
		F7D0E7CE26D3F880003FF030 /* BombedDoor.swift */ = {isa = PBXFileReference; lastKnownFileType = sourcecode.swift; path = BombedDoor.swift; sourceTree = "<group>"; };
		F7D0E7D026D3F983003FF030 /* Builder_MazeCreator.swift */ = {isa = PBXFileReference; lastKnownFileType = sourcecode.swift; path = Builder_MazeCreator.swift; sourceTree = "<group>"; };
		F7D0E7D226D3FB56003FF030 /* EnchantedDoor.swift */ = {isa = PBXFileReference; lastKnownFileType = sourcecode.swift; path = EnchantedDoor.swift; sourceTree = "<group>"; };
		F7FD439526BD7B1900173259 /* DesignPatternProject.app */ = {isa = PBXFileReference; explicitFileType = wrapper.application; includeInIndex = 0; path = DesignPatternProject.app; sourceTree = BUILT_PRODUCTS_DIR; };
		F7FD439826BD7B1900173259 /* AppDelegate.swift */ = {isa = PBXFileReference; lastKnownFileType = sourcecode.swift; path = AppDelegate.swift; sourceTree = "<group>"; };
		F7FD439A26BD7B1900173259 /* SceneDelegate.swift */ = {isa = PBXFileReference; lastKnownFileType = sourcecode.swift; path = SceneDelegate.swift; sourceTree = "<group>"; };
		F7FD439C26BD7B1900173259 /* ViewController.swift */ = {isa = PBXFileReference; lastKnownFileType = sourcecode.swift; path = ViewController.swift; sourceTree = "<group>"; };
		F7FD439F26BD7B1900173259 /* Base */ = {isa = PBXFileReference; lastKnownFileType = file.storyboard; name = Base; path = Base.lproj/Main.storyboard; sourceTree = "<group>"; };
		F7FD43A426BD7B1C00173259 /* Base */ = {isa = PBXFileReference; lastKnownFileType = file.storyboard; name = Base; path = Base.lproj/LaunchScreen.storyboard; sourceTree = "<group>"; };
		F7FD43A626BD7B1C00173259 /* Info.plist */ = {isa = PBXFileReference; lastKnownFileType = text.plist.xml; path = Info.plist; sourceTree = "<group>"; };
		F7FD43AB26BD7B1C00173259 /* DesignPatternProjectTests.xctest */ = {isa = PBXFileReference; explicitFileType = wrapper.cfbundle; includeInIndex = 0; path = DesignPatternProjectTests.xctest; sourceTree = BUILT_PRODUCTS_DIR; };
		F7FD43AF26BD7B1C00173259 /* DesignPatternProjectTests.swift */ = {isa = PBXFileReference; lastKnownFileType = sourcecode.swift; path = DesignPatternProjectTests.swift; sourceTree = "<group>"; };
		F7FD43B126BD7B1C00173259 /* Info.plist */ = {isa = PBXFileReference; lastKnownFileType = text.plist.xml; path = Info.plist; sourceTree = "<group>"; };
		F7FD43B626BD7B1C00173259 /* DesignPatternProjectUITests.xctest */ = {isa = PBXFileReference; explicitFileType = wrapper.cfbundle; includeInIndex = 0; path = DesignPatternProjectUITests.xctest; sourceTree = BUILT_PRODUCTS_DIR; };
		F7FD43BA26BD7B1C00173259 /* DesignPatternProjectUITests.swift */ = {isa = PBXFileReference; lastKnownFileType = sourcecode.swift; path = DesignPatternProjectUITests.swift; sourceTree = "<group>"; };
		F7FD43BC26BD7B1C00173259 /* Info.plist */ = {isa = PBXFileReference; lastKnownFileType = text.plist.xml; path = Info.plist; sourceTree = "<group>"; };
		F7FD43CA26BD7BD100173259 /* MapSite.swift */ = {isa = PBXFileReference; lastKnownFileType = sourcecode.swift; path = MapSite.swift; sourceTree = "<group>"; };
		F7FD43CC26BD7BFB00173259 /* Room.swift */ = {isa = PBXFileReference; lastKnownFileType = sourcecode.swift; path = Room.swift; sourceTree = "<group>"; };
		F7FD43CE26BD7C0600173259 /* Wall.swift */ = {isa = PBXFileReference; lastKnownFileType = sourcecode.swift; path = Wall.swift; sourceTree = "<group>"; };
		F7FD43D026BD7C0D00173259 /* Door.swift */ = {isa = PBXFileReference; lastKnownFileType = sourcecode.swift; path = Door.swift; sourceTree = "<group>"; };
		F7FD43D226BD7C1900173259 /* Maze.swift */ = {isa = PBXFileReference; lastKnownFileType = sourcecode.swift; path = Maze.swift; sourceTree = "<group>"; };
		F7FD43D426BD7D6800173259 /* Dicrection.swift */ = {isa = PBXFileReference; lastKnownFileType = sourcecode.swift; path = Dicrection.swift; sourceTree = "<group>"; };
		F7FD43DA26BD8C6E00173259 /* Assets.xcassets */ = {isa = PBXFileReference; lastKnownFileType = folder.assetcatalog; path = Assets.xcassets; sourceTree = "<group>"; };
		F7FD43ED26BD905A00173259 /* AF_MazeCreator.swift */ = {isa = PBXFileReference; lastKnownFileType = sourcecode.swift; path = AF_MazeCreator.swift; sourceTree = "<group>"; };
		F7FD43EF26BD90AE00173259 /* MazeFactory.swift */ = {isa = PBXFileReference; lastKnownFileType = sourcecode.swift; path = MazeFactory.swift; sourceTree = "<group>"; };
/* End PBXFileReference section */

/* Begin PBXFrameworksBuildPhase section */
		F7FD439226BD7B1900173259 /* Frameworks */ = {
			isa = PBXFrameworksBuildPhase;
			buildActionMask = 2147483647;
			files = (
			);
			runOnlyForDeploymentPostprocessing = 0;
		};
		F7FD43A826BD7B1C00173259 /* Frameworks */ = {
			isa = PBXFrameworksBuildPhase;
			buildActionMask = 2147483647;
			files = (
			);
			runOnlyForDeploymentPostprocessing = 0;
		};
		F7FD43B326BD7B1C00173259 /* Frameworks */ = {
			isa = PBXFrameworksBuildPhase;
			buildActionMask = 2147483647;
			files = (
			);
			runOnlyForDeploymentPostprocessing = 0;
		};
/* End PBXFrameworksBuildPhase section */

/* Begin PBXGroup section */
		F70E6A7026D3E48300D54D92 /* Builder Pattern */ = {
			isa = PBXGroup;
			children = (
				F7549A7326DA3101005ECBD4 /* Director */,
				F70E6A7126D3E49700D54D92 /* Builder */,
			);
			path = "Builder Pattern";
			sourceTree = "<group>";
		};
		F70E6A7126D3E49700D54D92 /* Builder */ = {
			isa = PBXGroup;
			children = (
				F7549A7926DA31FC005ECBD4 /* Abstract Builder */,
				F7549A7826DA31F9005ECBD4 /* Concrete Builder */,
			);
			path = Builder;
			sourceTree = "<group>";
		};
		F73082F626DE80E5008C3B5D /* Singleton */ = {
			isa = PBXGroup;
			children = (
				F73082F726DE8102008C3B5D /* Singleton.swift */,
			);
			path = Singleton;
			sourceTree = "<group>";
		};
		F731F91226C17DAB0031F718 /* BombedMaze */ = {
			isa = PBXGroup;
			children = (
				F731F91526C17F260031F718 /* BombedRoom.swift */,
				F731F91326C17E570031F718 /* BombedWall.swift */,
				F7D0E7CE26D3F880003FF030 /* BombedDoor.swift */,
			);
			path = BombedMaze;
			sourceTree = "<group>";
		};
		F731F91726C182810031F718 /* Factory */ = {
			isa = PBXGroup;
			children = (
				F7549A7626DA31DF005ECBD4 /* Abstract Factory */,
				F7549A7726DA31E6005ECBD4 /* Concrete Factory */,
			);
			path = Factory;
			sourceTree = "<group>";
		};
		F731F91826C1828A0031F718 /* Product */ = {
			isa = PBXGroup;
			children = (
				F7FD43CA26BD7BD100173259 /* MapSite.swift */,
				F7FD43D926BD83FC00173259 /* Abstract Product */,
				F7549A8726DA34CB005ECBD4 /* Concrete Product */,
			);
			path = Product;
			sourceTree = "<group>";
		};
		F7549A6F26DA2FAA005ECBD4 /* Factory Pattern */ = {
			isa = PBXGroup;
			children = (
				F7549A7026DA2FCC005ECBD4 /* Creator */,
			);
			path = "Factory Pattern";
			sourceTree = "<group>";
		};
		F7549A7026DA2FCC005ECBD4 /* Creator */ = {
			isa = PBXGroup;
			children = (
				F7549A7E26DA3255005ECBD4 /* Abstract Creator */,
				F7549A7F26DA3255005ECBD4 /* Concrete Creator */,
			);
			path = Creator;
			sourceTree = "<group>";
		};
		F7549A7326DA3101005ECBD4 /* Director */ = {
			isa = PBXGroup;
			children = (
				F7D0E7D026D3F983003FF030 /* Builder_MazeCreator.swift */,
			);
			path = Director;
			sourceTree = "<group>";
		};
		F7549A7626DA31DF005ECBD4 /* Abstract Factory */ = {
			isa = PBXGroup;
			children = (
				F7FD43EF26BD90AE00173259 /* MazeFactory.swift */,
			);
			path = "Abstract Factory";
			sourceTree = "<group>";
		};
		F7549A7726DA31E6005ECBD4 /* Concrete Factory */ = {
			isa = PBXGroup;
			children = (
				F731F90E26C17D6F0031F718 /* BombedMazeFactory.swift */,
			);
			path = "Concrete Factory";
			sourceTree = "<group>";
		};
		F7549A7826DA31F9005ECBD4 /* Concrete Builder */ = {
			isa = PBXGroup;
			children = (
				F70E6A7626D3E4BA00D54D92 /* BombedMazeBuilder.swift */,
				F7D0E7C526D3F64E003FF030 /* EnchantedMazeBuilder.swift */,
			);
			path = "Concrete Builder";
			sourceTree = "<group>";
		};
		F7549A7926DA31FC005ECBD4 /* Abstract Builder */ = {
			isa = PBXGroup;
			children = (
				F70E6A7326D3E4AA00D54D92 /* MazeBuilder.swift */,
			);
			path = "Abstract Builder";
			sourceTree = "<group>";
		};
		F7549A7E26DA3255005ECBD4 /* Abstract Creator */ = {
			isa = PBXGroup;
			children = (
				F7549A7426DA3119005ECBD4 /* Factory_MazeCreator.swift */,
			);
			path = "Abstract Creator";
			sourceTree = "<group>";
		};
		F7549A7F26DA3255005ECBD4 /* Concrete Creator */ = {
			isa = PBXGroup;
			children = (
				F7549A8026DA3289005ECBD4 /* BombedMazeCreator.swift */,
				F7549A8226DA3296005ECBD4 /* EnchantedMazeCreator.swift */,
				F7549A8426DA32A0005ECBD4 /* HardcoreMazeCreator.swift */,
			);
			path = "Concrete Creator";
			sourceTree = "<group>";
		};
		F7549A8626DA34B9005ECBD4 /* HardcoreMaze */ = {
			isa = PBXGroup;
			children = (
				F7549A8A26DA35C7005ECBD4 /* HardcoreRoom.swift */,
				F7549A8C26DA35E2005ECBD4 /* HardcoreWall.swift */,
				F7549A8826DA35BF005ECBD4 /* HardcoreDoor.swift */,
			);
			path = HardcoreMaze;
			sourceTree = "<group>";
		};
		F7549A8726DA34CB005ECBD4 /* Concrete Product */ = {
			isa = PBXGroup;
			children = (
				F731F91226C17DAB0031F718 /* BombedMaze */,
				F7D0E7C726D3F707003FF030 /* EnchantedMaze */,
				F7549A8626DA34B9005ECBD4 /* HardcoreMaze */,
			);
			path = "Concrete Product";
			sourceTree = "<group>";
		};
		F7D0E7C726D3F707003FF030 /* EnchantedMaze */ = {
			isa = PBXGroup;
			children = (
				F7D0E7C826D3F730003FF030 /* EnchantedRoom.swift */,
				F7D0E7CA26D3F76E003FF030 /* EnchantedWall.swift */,
				F7D0E7D226D3FB56003FF030 /* EnchantedDoor.swift */,
			);
			path = EnchantedMaze;
			sourceTree = "<group>";
		};
		F7FD438C26BD7B1900173259 = {
			isa = PBXGroup;
			children = (
				F7FD439726BD7B1900173259 /* DesignPatternProject */,
				F7FD43AE26BD7B1C00173259 /* DesignPatternProjectTests */,
				F7FD43B926BD7B1C00173259 /* DesignPatternProjectUITests */,
				F7FD439626BD7B1900173259 /* Products */,
			);
			sourceTree = "<group>";
		};
		F7FD439626BD7B1900173259 /* Products */ = {
			isa = PBXGroup;
			children = (
				F7FD439526BD7B1900173259 /* DesignPatternProject.app */,
				F7FD43AB26BD7B1C00173259 /* DesignPatternProjectTests.xctest */,
				F7FD43B626BD7B1C00173259 /* DesignPatternProjectUITests.xctest */,
			);
			name = Products;
			sourceTree = "<group>";
		};
		F7FD439726BD7B1900173259 /* DesignPatternProject */ = {
			isa = PBXGroup;
			children = (
				F73082F626DE80E5008C3B5D /* Singleton */,
				F7FD439826BD7B1900173259 /* AppDelegate.swift */,
				F7FD439A26BD7B1900173259 /* SceneDelegate.swift */,
				F7FD439C26BD7B1900173259 /* ViewController.swift */,
				F7FD439E26BD7B1900173259 /* Main.storyboard */,
				F7FD43A326BD7B1C00173259 /* LaunchScreen.storyboard */,
				F7FD43A626BD7B1C00173259 /* Info.plist */,
				F7FD43DA26BD8C6E00173259 /* Assets.xcassets */,
				F7FD43D826BD83F100173259 /* Common */,
				F7FD43C826BD7B7C00173259 /* Maze */,
			);
			path = DesignPatternProject;
			sourceTree = "<group>";
		};
		F7FD43AE26BD7B1C00173259 /* DesignPatternProjectTests */ = {
			isa = PBXGroup;
			children = (
				F7FD43AF26BD7B1C00173259 /* DesignPatternProjectTests.swift */,
				F7FD43B126BD7B1C00173259 /* Info.plist */,
			);
			path = DesignPatternProjectTests;
			sourceTree = "<group>";
		};
		F7FD43B926BD7B1C00173259 /* DesignPatternProjectUITests */ = {
			isa = PBXGroup;
			children = (
				F7FD43BA26BD7B1C00173259 /* DesignPatternProjectUITests.swift */,
				F7FD43BC26BD7B1C00173259 /* Info.plist */,
			);
			path = DesignPatternProjectUITests;
			sourceTree = "<group>";
		};
		F7FD43C826BD7B7C00173259 /* Maze */ = {
			isa = PBXGroup;
			children = (
				F731F91826C1828A0031F718 /* Product */,
				F7FD43EC26BD903000173259 /* Abstract Factory Pattern */,
				F70E6A7026D3E48300D54D92 /* Builder Pattern */,
				F7549A6F26DA2FAA005ECBD4 /* Factory Pattern */,
			);
			path = Maze;
			sourceTree = "<group>";
		};
		F7FD43D826BD83F100173259 /* Common */ = {
			isa = PBXGroup;
			children = (
				F7FD43D426BD7D6800173259 /* Dicrection.swift */,
			);
			path = Common;
			sourceTree = "<group>";
		};
		F7FD43D926BD83FC00173259 /* Abstract Product */ = {
			isa = PBXGroup;
			children = (
				F7FD43D226BD7C1900173259 /* Maze.swift */,
				F7FD43CC26BD7BFB00173259 /* Room.swift */,
				F7FD43CE26BD7C0600173259 /* Wall.swift */,
				F7FD43D026BD7C0D00173259 /* Door.swift */,
			);
			path = "Abstract Product";
			sourceTree = "<group>";
		};
		F7FD43EC26BD903000173259 /* Abstract Factory Pattern */ = {
			isa = PBXGroup;
			children = (
				F7FD43ED26BD905A00173259 /* AF_MazeCreator.swift */,
				F731F91726C182810031F718 /* Factory */,
			);
			path = "Abstract Factory Pattern";
			sourceTree = "<group>";
		};
/* End PBXGroup section */

/* Begin PBXNativeTarget section */
		F7FD439426BD7B1900173259 /* DesignPatternProject */ = {
			isa = PBXNativeTarget;
			buildConfigurationList = F7FD43BF26BD7B1C00173259 /* Build configuration list for PBXNativeTarget "DesignPatternProject" */;
			buildPhases = (
				F7FD439126BD7B1900173259 /* Sources */,
				F7FD439226BD7B1900173259 /* Frameworks */,
				F7FD439326BD7B1900173259 /* Resources */,
			);
			buildRules = (
			);
			dependencies = (
			);
			name = DesignPatternProject;
			productName = DesignPatternProject;
			productReference = F7FD439526BD7B1900173259 /* DesignPatternProject.app */;
			productType = "com.apple.product-type.application";
		};
		F7FD43AA26BD7B1C00173259 /* DesignPatternProjectTests */ = {
			isa = PBXNativeTarget;
			buildConfigurationList = F7FD43C226BD7B1C00173259 /* Build configuration list for PBXNativeTarget "DesignPatternProjectTests" */;
			buildPhases = (
				F7FD43A726BD7B1C00173259 /* Sources */,
				F7FD43A826BD7B1C00173259 /* Frameworks */,
				F7FD43A926BD7B1C00173259 /* Resources */,
			);
			buildRules = (
			);
			dependencies = (
				F7FD43AD26BD7B1C00173259 /* PBXTargetDependency */,
			);
			name = DesignPatternProjectTests;
			productName = DesignPatternProjectTests;
			productReference = F7FD43AB26BD7B1C00173259 /* DesignPatternProjectTests.xctest */;
			productType = "com.apple.product-type.bundle.unit-test";
		};
		F7FD43B526BD7B1C00173259 /* DesignPatternProjectUITests */ = {
			isa = PBXNativeTarget;
			buildConfigurationList = F7FD43C526BD7B1C00173259 /* Build configuration list for PBXNativeTarget "DesignPatternProjectUITests" */;
			buildPhases = (
				F7FD43B226BD7B1C00173259 /* Sources */,
				F7FD43B326BD7B1C00173259 /* Frameworks */,
				F7FD43B426BD7B1C00173259 /* Resources */,
			);
			buildRules = (
			);
			dependencies = (
				F7FD43B826BD7B1C00173259 /* PBXTargetDependency */,
			);
			name = DesignPatternProjectUITests;
			productName = DesignPatternProjectUITests;
			productReference = F7FD43B626BD7B1C00173259 /* DesignPatternProjectUITests.xctest */;
			productType = "com.apple.product-type.bundle.ui-testing";
		};
/* End PBXNativeTarget section */

/* Begin PBXProject section */
		F7FD438D26BD7B1900173259 /* Project object */ = {
			isa = PBXProject;
			attributes = {
				LastSwiftUpdateCheck = 1250;
				LastUpgradeCheck = 1250;
				TargetAttributes = {
					F7FD439426BD7B1900173259 = {
						CreatedOnToolsVersion = 12.5;
					};
					F7FD43AA26BD7B1C00173259 = {
						CreatedOnToolsVersion = 12.5;
						TestTargetID = F7FD439426BD7B1900173259;
					};
					F7FD43B526BD7B1C00173259 = {
						CreatedOnToolsVersion = 12.5;
						TestTargetID = F7FD439426BD7B1900173259;
					};
				};
			};
			buildConfigurationList = F7FD439026BD7B1900173259 /* Build configuration list for PBXProject "DesignPatternProject" */;
			compatibilityVersion = "Xcode 9.3";
			developmentRegion = en;
			hasScannedForEncodings = 0;
			knownRegions = (
				en,
				Base,
			);
			mainGroup = F7FD438C26BD7B1900173259;
			productRefGroup = F7FD439626BD7B1900173259 /* Products */;
			projectDirPath = "";
			projectRoot = "";
			targets = (
				F7FD439426BD7B1900173259 /* DesignPatternProject */,
				F7FD43AA26BD7B1C00173259 /* DesignPatternProjectTests */,
				F7FD43B526BD7B1C00173259 /* DesignPatternProjectUITests */,
			);
		};
/* End PBXProject section */

/* Begin PBXResourcesBuildPhase section */
		F7FD439326BD7B1900173259 /* Resources */ = {
			isa = PBXResourcesBuildPhase;
			buildActionMask = 2147483647;
			files = (
				F7FD43A526BD7B1C00173259 /* LaunchScreen.storyboard in Resources */,
				F7FD43DB26BD8C6E00173259 /* Assets.xcassets in Resources */,
				F7FD43A026BD7B1900173259 /* Main.storyboard in Resources */,
			);
			runOnlyForDeploymentPostprocessing = 0;
		};
		F7FD43A926BD7B1C00173259 /* Resources */ = {
			isa = PBXResourcesBuildPhase;
			buildActionMask = 2147483647;
			files = (
			);
			runOnlyForDeploymentPostprocessing = 0;
		};
		F7FD43B426BD7B1C00173259 /* Resources */ = {
			isa = PBXResourcesBuildPhase;
			buildActionMask = 2147483647;
			files = (
			);
			runOnlyForDeploymentPostprocessing = 0;
		};
/* End PBXResourcesBuildPhase section */

/* Begin PBXSourcesBuildPhase section */
		F7FD439126BD7B1900173259 /* Sources */ = {
			isa = PBXSourcesBuildPhase;
			buildActionMask = 2147483647;
			files = (
				F7549A8126DA3289005ECBD4 /* BombedMazeCreator.swift in Sources */,
				F7FD439D26BD7B1900173259 /* ViewController.swift in Sources */,
				F7FD43CF26BD7C0600173259 /* Wall.swift in Sources */,
				F731F90F26C17D6F0031F718 /* BombedMazeFactory.swift in Sources */,
				F7D0E7C926D3F730003FF030 /* EnchantedRoom.swift in Sources */,
				F7D0E7C626D3F64E003FF030 /* EnchantedMazeBuilder.swift in Sources */,
				F7FD43D326BD7C1900173259 /* Maze.swift in Sources */,
				F7FD43D126BD7C0D00173259 /* Door.swift in Sources */,
				F7D0E7D126D3F983003FF030 /* Builder_MazeCreator.swift in Sources */,
				F7FD43EE26BD905A00173259 /* AF_MazeCreator.swift in Sources */,
				F7549A8B26DA35C7005ECBD4 /* HardcoreRoom.swift in Sources */,
				F7549A8926DA35BF005ECBD4 /* HardcoreDoor.swift in Sources */,
				F731F91626C17F260031F718 /* BombedRoom.swift in Sources */,
				F73082F826DE8102008C3B5D /* Singleton.swift in Sources */,
				F7549A8526DA32A0005ECBD4 /* HardcoreMazeCreator.swift in Sources */,
				F7D0E7CB26D3F76E003FF030 /* EnchantedWall.swift in Sources */,
				F7FD43F026BD90AE00173259 /* MazeFactory.swift in Sources */,
				F7549A8D26DA35E2005ECBD4 /* HardcoreWall.swift in Sources */,
				F7D0E7CF26D3F880003FF030 /* BombedDoor.swift in Sources */,
				F7FD439926BD7B1900173259 /* AppDelegate.swift in Sources */,
				F7FD439B26BD7B1900173259 /* SceneDelegate.swift in Sources */,
				F731F91426C17E570031F718 /* BombedWall.swift in Sources */,
				F7D0E7D326D3FB56003FF030 /* EnchantedDoor.swift in Sources */,
				F7FD43CB26BD7BD100173259 /* MapSite.swift in Sources */,
				F7FD43D526BD7D6800173259 /* Dicrection.swift in Sources */,
				F7549A7526DA3119005ECBD4 /* Factory_MazeCreator.swift in Sources */,
				F7FD43CD26BD7BFB00173259 /* Room.swift in Sources */,
				F70E6A7426D3E4AA00D54D92 /* MazeBuilder.swift in Sources */,
				F7549A8326DA3296005ECBD4 /* EnchantedMazeCreator.swift in Sources */,
				F70E6A7726D3E4BA00D54D92 /* BombedMazeBuilder.swift in Sources */,
			);
			runOnlyForDeploymentPostprocessing = 0;
		};
		F7FD43A726BD7B1C00173259 /* Sources */ = {
			isa = PBXSourcesBuildPhase;
			buildActionMask = 2147483647;
			files = (
				F7FD43B026BD7B1C00173259 /* DesignPatternProjectTests.swift in Sources */,
			);
			runOnlyForDeploymentPostprocessing = 0;
		};
		F7FD43B226BD7B1C00173259 /* Sources */ = {
			isa = PBXSourcesBuildPhase;
			buildActionMask = 2147483647;
			files = (
				F7FD43BB26BD7B1C00173259 /* DesignPatternProjectUITests.swift in Sources */,
			);
			runOnlyForDeploymentPostprocessing = 0;
		};
/* End PBXSourcesBuildPhase section */

/* Begin PBXTargetDependency section */
		F7FD43AD26BD7B1C00173259 /* PBXTargetDependency */ = {
			isa = PBXTargetDependency;
			target = F7FD439426BD7B1900173259 /* DesignPatternProject */;
			targetProxy = F7FD43AC26BD7B1C00173259 /* PBXContainerItemProxy */;
		};
		F7FD43B826BD7B1C00173259 /* PBXTargetDependency */ = {
			isa = PBXTargetDependency;
			target = F7FD439426BD7B1900173259 /* DesignPatternProject */;
			targetProxy = F7FD43B726BD7B1C00173259 /* PBXContainerItemProxy */;
		};
/* End PBXTargetDependency section */

/* Begin PBXVariantGroup section */
		F7FD439E26BD7B1900173259 /* Main.storyboard */ = {
			isa = PBXVariantGroup;
			children = (
				F7FD439F26BD7B1900173259 /* Base */,
			);
			name = Main.storyboard;
			sourceTree = "<group>";
		};
		F7FD43A326BD7B1C00173259 /* LaunchScreen.storyboard */ = {
			isa = PBXVariantGroup;
			children = (
				F7FD43A426BD7B1C00173259 /* Base */,
			);
			name = LaunchScreen.storyboard;
			sourceTree = "<group>";
		};
/* End PBXVariantGroup section */

/* Begin XCBuildConfiguration section */
		F7FD43BD26BD7B1C00173259 /* Debug */ = {
			isa = XCBuildConfiguration;
			buildSettings = {
				ALWAYS_SEARCH_USER_PATHS = NO;
				CLANG_ANALYZER_NONNULL = YES;
				CLANG_ANALYZER_NUMBER_OBJECT_CONVERSION = YES_AGGRESSIVE;
				CLANG_CXX_LANGUAGE_STANDARD = "gnu++14";
				CLANG_CXX_LIBRARY = "libc++";
				CLANG_ENABLE_MODULES = YES;
				CLANG_ENABLE_OBJC_ARC = YES;
				CLANG_ENABLE_OBJC_WEAK = YES;
				CLANG_WARN_BLOCK_CAPTURE_AUTORELEASING = YES;
				CLANG_WARN_BOOL_CONVERSION = YES;
				CLANG_WARN_COMMA = YES;
				CLANG_WARN_CONSTANT_CONVERSION = YES;
				CLANG_WARN_DEPRECATED_OBJC_IMPLEMENTATIONS = YES;
				CLANG_WARN_DIRECT_OBJC_ISA_USAGE = YES_ERROR;
				CLANG_WARN_DOCUMENTATION_COMMENTS = YES;
				CLANG_WARN_EMPTY_BODY = YES;
				CLANG_WARN_ENUM_CONVERSION = YES;
				CLANG_WARN_INFINITE_RECURSION = YES;
				CLANG_WARN_INT_CONVERSION = YES;
				CLANG_WARN_NON_LITERAL_NULL_CONVERSION = YES;
				CLANG_WARN_OBJC_IMPLICIT_RETAIN_SELF = YES;
				CLANG_WARN_OBJC_LITERAL_CONVERSION = YES;
				CLANG_WARN_OBJC_ROOT_CLASS = YES_ERROR;
				CLANG_WARN_QUOTED_INCLUDE_IN_FRAMEWORK_HEADER = YES;
				CLANG_WARN_RANGE_LOOP_ANALYSIS = YES;
				CLANG_WARN_STRICT_PROTOTYPES = YES;
				CLANG_WARN_SUSPICIOUS_MOVE = YES;
				CLANG_WARN_UNGUARDED_AVAILABILITY = YES_AGGRESSIVE;
				CLANG_WARN_UNREACHABLE_CODE = YES;
				CLANG_WARN__DUPLICATE_METHOD_MATCH = YES;
				COPY_PHASE_STRIP = NO;
				DEBUG_INFORMATION_FORMAT = dwarf;
				ENABLE_STRICT_OBJC_MSGSEND = YES;
				ENABLE_TESTABILITY = YES;
				GCC_C_LANGUAGE_STANDARD = gnu11;
				GCC_DYNAMIC_NO_PIC = NO;
				GCC_NO_COMMON_BLOCKS = YES;
				GCC_OPTIMIZATION_LEVEL = 0;
				GCC_PREPROCESSOR_DEFINITIONS = (
					"DEBUG=1",
					"$(inherited)",
				);
				GCC_WARN_64_TO_32_BIT_CONVERSION = YES;
				GCC_WARN_ABOUT_RETURN_TYPE = YES_ERROR;
				GCC_WARN_UNDECLARED_SELECTOR = YES;
				GCC_WARN_UNINITIALIZED_AUTOS = YES_AGGRESSIVE;
				GCC_WARN_UNUSED_FUNCTION = YES;
				GCC_WARN_UNUSED_VARIABLE = YES;
				IPHONEOS_DEPLOYMENT_TARGET = 14.5;
				MTL_ENABLE_DEBUG_INFO = INCLUDE_SOURCE;
				MTL_FAST_MATH = YES;
				ONLY_ACTIVE_ARCH = YES;
				SDKROOT = iphoneos;
				SWIFT_ACTIVE_COMPILATION_CONDITIONS = DEBUG;
				SWIFT_OPTIMIZATION_LEVEL = "-Onone";
			};
			name = Debug;
		};
		F7FD43BE26BD7B1C00173259 /* Release */ = {
			isa = XCBuildConfiguration;
			buildSettings = {
				ALWAYS_SEARCH_USER_PATHS = NO;
				CLANG_ANALYZER_NONNULL = YES;
				CLANG_ANALYZER_NUMBER_OBJECT_CONVERSION = YES_AGGRESSIVE;
				CLANG_CXX_LANGUAGE_STANDARD = "gnu++14";
				CLANG_CXX_LIBRARY = "libc++";
				CLANG_ENABLE_MODULES = YES;
				CLANG_ENABLE_OBJC_ARC = YES;
				CLANG_ENABLE_OBJC_WEAK = YES;
				CLANG_WARN_BLOCK_CAPTURE_AUTORELEASING = YES;
				CLANG_WARN_BOOL_CONVERSION = YES;
				CLANG_WARN_COMMA = YES;
				CLANG_WARN_CONSTANT_CONVERSION = YES;
				CLANG_WARN_DEPRECATED_OBJC_IMPLEMENTATIONS = YES;
				CLANG_WARN_DIRECT_OBJC_ISA_USAGE = YES_ERROR;
				CLANG_WARN_DOCUMENTATION_COMMENTS = YES;
				CLANG_WARN_EMPTY_BODY = YES;
				CLANG_WARN_ENUM_CONVERSION = YES;
				CLANG_WARN_INFINITE_RECURSION = YES;
				CLANG_WARN_INT_CONVERSION = YES;
				CLANG_WARN_NON_LITERAL_NULL_CONVERSION = YES;
				CLANG_WARN_OBJC_IMPLICIT_RETAIN_SELF = YES;
				CLANG_WARN_OBJC_LITERAL_CONVERSION = YES;
				CLANG_WARN_OBJC_ROOT_CLASS = YES_ERROR;
				CLANG_WARN_QUOTED_INCLUDE_IN_FRAMEWORK_HEADER = YES;
				CLANG_WARN_RANGE_LOOP_ANALYSIS = YES;
				CLANG_WARN_STRICT_PROTOTYPES = YES;
				CLANG_WARN_SUSPICIOUS_MOVE = YES;
				CLANG_WARN_UNGUARDED_AVAILABILITY = YES_AGGRESSIVE;
				CLANG_WARN_UNREACHABLE_CODE = YES;
				CLANG_WARN__DUPLICATE_METHOD_MATCH = YES;
				COPY_PHASE_STRIP = NO;
				DEBUG_INFORMATION_FORMAT = "dwarf-with-dsym";
				ENABLE_NS_ASSERTIONS = NO;
				ENABLE_STRICT_OBJC_MSGSEND = YES;
				GCC_C_LANGUAGE_STANDARD = gnu11;
				GCC_NO_COMMON_BLOCKS = YES;
				GCC_WARN_64_TO_32_BIT_CONVERSION = YES;
				GCC_WARN_ABOUT_RETURN_TYPE = YES_ERROR;
				GCC_WARN_UNDECLARED_SELECTOR = YES;
				GCC_WARN_UNINITIALIZED_AUTOS = YES_AGGRESSIVE;
				GCC_WARN_UNUSED_FUNCTION = YES;
				GCC_WARN_UNUSED_VARIABLE = YES;
				IPHONEOS_DEPLOYMENT_TARGET = 14.5;
				MTL_ENABLE_DEBUG_INFO = NO;
				MTL_FAST_MATH = YES;
				SDKROOT = iphoneos;
				SWIFT_COMPILATION_MODE = wholemodule;
				SWIFT_OPTIMIZATION_LEVEL = "-O";
				VALIDATE_PRODUCT = YES;
			};
			name = Release;
		};
		F7FD43C026BD7B1C00173259 /* Debug */ = {
			isa = XCBuildConfiguration;
			buildSettings = {
				ASSETCATALOG_COMPILER_APPICON_NAME = AppIcon;
				ASSETCATALOG_COMPILER_GLOBAL_ACCENT_COLOR_NAME = AccentColor;
				CODE_SIGN_STYLE = Automatic;
				DEVELOPMENT_TEAM = QKG65XDLX8;
				INFOPLIST_FILE = DesignPatternProject/Info.plist;
				LD_RUNPATH_SEARCH_PATHS = (
					"$(inherited)",
					"@executable_path/Frameworks",
				);
				PRODUCT_BUNDLE_IDENTIFIER = com.bong.DesignPatternProject;
				PRODUCT_NAME = "$(TARGET_NAME)";
				SWIFT_VERSION = 5.0;
				TARGETED_DEVICE_FAMILY = "1,2";
			};
			name = Debug;
		};
		F7FD43C126BD7B1C00173259 /* Release */ = {
			isa = XCBuildConfiguration;
			buildSettings = {
				ASSETCATALOG_COMPILER_APPICON_NAME = AppIcon;
				ASSETCATALOG_COMPILER_GLOBAL_ACCENT_COLOR_NAME = AccentColor;
				CODE_SIGN_STYLE = Automatic;
				DEVELOPMENT_TEAM = QKG65XDLX8;
				INFOPLIST_FILE = DesignPatternProject/Info.plist;
				LD_RUNPATH_SEARCH_PATHS = (
					"$(inherited)",
					"@executable_path/Frameworks",
				);
				PRODUCT_BUNDLE_IDENTIFIER = com.bong.DesignPatternProject;
				PRODUCT_NAME = "$(TARGET_NAME)";
				SWIFT_VERSION = 5.0;
				TARGETED_DEVICE_FAMILY = "1,2";
			};
			name = Release;
		};
		F7FD43C326BD7B1C00173259 /* Debug */ = {
			isa = XCBuildConfiguration;
			buildSettings = {
				ALWAYS_EMBED_SWIFT_STANDARD_LIBRARIES = YES;
				BUNDLE_LOADER = "$(TEST_HOST)";
				CODE_SIGN_STYLE = Automatic;
				DEVELOPMENT_TEAM = QKG65XDLX8;
				INFOPLIST_FILE = DesignPatternProjectTests/Info.plist;
				IPHONEOS_DEPLOYMENT_TARGET = 14.5;
				LD_RUNPATH_SEARCH_PATHS = (
					"$(inherited)",
					"@executable_path/Frameworks",
					"@loader_path/Frameworks",
				);
				PRODUCT_BUNDLE_IDENTIFIER = com.bong.DesignPatternProjectTests;
				PRODUCT_NAME = "$(TARGET_NAME)";
				SWIFT_VERSION = 5.0;
				TARGETED_DEVICE_FAMILY = "1,2";
				TEST_HOST = "$(BUILT_PRODUCTS_DIR)/DesignPatternProject.app/DesignPatternProject";
			};
			name = Debug;
		};
		F7FD43C426BD7B1C00173259 /* Release */ = {
			isa = XCBuildConfiguration;
			buildSettings = {
				ALWAYS_EMBED_SWIFT_STANDARD_LIBRARIES = YES;
				BUNDLE_LOADER = "$(TEST_HOST)";
				CODE_SIGN_STYLE = Automatic;
				DEVELOPMENT_TEAM = QKG65XDLX8;
				INFOPLIST_FILE = DesignPatternProjectTests/Info.plist;
				IPHONEOS_DEPLOYMENT_TARGET = 14.5;
				LD_RUNPATH_SEARCH_PATHS = (
					"$(inherited)",
					"@executable_path/Frameworks",
					"@loader_path/Frameworks",
				);
				PRODUCT_BUNDLE_IDENTIFIER = com.bong.DesignPatternProjectTests;
				PRODUCT_NAME = "$(TARGET_NAME)";
				SWIFT_VERSION = 5.0;
				TARGETED_DEVICE_FAMILY = "1,2";
				TEST_HOST = "$(BUILT_PRODUCTS_DIR)/DesignPatternProject.app/DesignPatternProject";
			};
			name = Release;
		};
		F7FD43C626BD7B1C00173259 /* Debug */ = {
			isa = XCBuildConfiguration;
			buildSettings = {
				ALWAYS_EMBED_SWIFT_STANDARD_LIBRARIES = YES;
				CODE_SIGN_STYLE = Automatic;
				DEVELOPMENT_TEAM = QKG65XDLX8;
				INFOPLIST_FILE = DesignPatternProjectUITests/Info.plist;
				LD_RUNPATH_SEARCH_PATHS = (
					"$(inherited)",
					"@executable_path/Frameworks",
					"@loader_path/Frameworks",
				);
				PRODUCT_BUNDLE_IDENTIFIER = com.bong.DesignPatternProjectUITests;
				PRODUCT_NAME = "$(TARGET_NAME)";
				SWIFT_VERSION = 5.0;
				TARGETED_DEVICE_FAMILY = "1,2";
				TEST_TARGET_NAME = DesignPatternProject;
			};
			name = Debug;
		};
		F7FD43C726BD7B1C00173259 /* Release */ = {
			isa = XCBuildConfiguration;
			buildSettings = {
				ALWAYS_EMBED_SWIFT_STANDARD_LIBRARIES = YES;
				CODE_SIGN_STYLE = Automatic;
				DEVELOPMENT_TEAM = QKG65XDLX8;
				INFOPLIST_FILE = DesignPatternProjectUITests/Info.plist;
				LD_RUNPATH_SEARCH_PATHS = (
					"$(inherited)",
					"@executable_path/Frameworks",
					"@loader_path/Frameworks",
				);
				PRODUCT_BUNDLE_IDENTIFIER = com.bong.DesignPatternProjectUITests;
				PRODUCT_NAME = "$(TARGET_NAME)";
				SWIFT_VERSION = 5.0;
				TARGETED_DEVICE_FAMILY = "1,2";
				TEST_TARGET_NAME = DesignPatternProject;
			};
			name = Release;
		};
/* End XCBuildConfiguration section */

/* Begin XCConfigurationList section */
		F7FD439026BD7B1900173259 /* Build configuration list for PBXProject "DesignPatternProject" */ = {
			isa = XCConfigurationList;
			buildConfigurations = (
				F7FD43BD26BD7B1C00173259 /* Debug */,
				F7FD43BE26BD7B1C00173259 /* Release */,
			);
			defaultConfigurationIsVisible = 0;
			defaultConfigurationName = Release;
		};
		F7FD43BF26BD7B1C00173259 /* Build configuration list for PBXNativeTarget "DesignPatternProject" */ = {
			isa = XCConfigurationList;
			buildConfigurations = (
				F7FD43C026BD7B1C00173259 /* Debug */,
				F7FD43C126BD7B1C00173259 /* Release */,
			);
			defaultConfigurationIsVisible = 0;
			defaultConfigurationName = Release;
		};
		F7FD43C226BD7B1C00173259 /* Build configuration list for PBXNativeTarget "DesignPatternProjectTests" */ = {
			isa = XCConfigurationList;
			buildConfigurations = (
				F7FD43C326BD7B1C00173259 /* Debug */,
				F7FD43C426BD7B1C00173259 /* Release */,
			);
			defaultConfigurationIsVisible = 0;
			defaultConfigurationName = Release;
		};
		F7FD43C526BD7B1C00173259 /* Build configuration list for PBXNativeTarget "DesignPatternProjectUITests" */ = {
			isa = XCConfigurationList;
			buildConfigurations = (
				F7FD43C626BD7B1C00173259 /* Debug */,
				F7FD43C726BD7B1C00173259 /* Release */,
			);
			defaultConfigurationIsVisible = 0;
			defaultConfigurationName = Release;
		};
/* End XCConfigurationList section */
	};
	rootObject = F7FD438D26BD7B1900173259 /* Project object */;
}
