// !$*UTF8*$!
{
	archiveVersion = 1;
	classes = {
	};
	objectVersion = 55;
	objects = {

/* Begin PBXBuildFile section */
		CB0827CA290AAEA2008167A7 /* OtherUser.swift in Sources */ = {isa = PBXBuildFile; fileRef = CB0827C9290AAEA2008167A7 /* OtherUser.swift */; };
		CB0827CC290AAF1D008167A7 /* OtherUserService.swift in Sources */ = {isa = PBXBuildFile; fileRef = CB0827CB290AAF1D008167A7 /* OtherUserService.swift */; };
		CB0827CE290AAFB7008167A7 /* LoginHandler.swift in Sources */ = {isa = PBXBuildFile; fileRef = CB0827CD290AAFB7008167A7 /* LoginHandler.swift */; };
		CB0827D0290AB1B4008167A7 /* OtherUserAdapter.swift in Sources */ = {isa = PBXBuildFile; fileRef = CB0827CF290AB1B4008167A7 /* OtherUserAdapter.swift */; };
		CB0827D2290AB566008167A7 /* OtherUserServiceAdapter.swift in Sources */ = {isa = PBXBuildFile; fileRef = CB0827D1290AB566008167A7 /* OtherUserServiceAdapter.swift */; };
		CB0827D8290AB840008167A7 /* AdapterApp.swift in Sources */ = {isa = PBXBuildFile; fileRef = CB0827D7290AB840008167A7 /* AdapterApp.swift */; };
		CB1E91B228F4314E00CFECBD /* TourPlanBuilder.swift in Sources */ = {isa = PBXBuildFile; fileRef = CB1E91B128F4314E00CFECBD /* TourPlanBuilder.swift */; };
		CB1E91B628F431B900CFECBD /* DefaultTourPalnBuilder.swift in Sources */ = {isa = PBXBuildFile; fileRef = CB1E91B528F431B900CFECBD /* DefaultTourPalnBuilder.swift */; };
		CB1E91B928F431C500CFECBD /* TourPlan.swift in Sources */ = {isa = PBXBuildFile; fileRef = CB1E91B828F431C500CFECBD /* TourPlan.swift */; };
		CB1E91BC28F4367D00CFECBD /* TourDirector.swift in Sources */ = {isa = PBXBuildFile; fileRef = CB1E91BB28F4367D00CFECBD /* TourDirector.swift */; };
		CB1E91C128F4866300CFECBD /* GithubRepository.swift in Sources */ = {isa = PBXBuildFile; fileRef = CB1E91C028F4866300CFECBD /* GithubRepository.swift */; };
		CB1E91C328F4866B00CFECBD /* GithubIssue.swift in Sources */ = {isa = PBXBuildFile; fileRef = CB1E91C228F4866B00CFECBD /* GithubIssue.swift */; };
		CB1E91C528F486B800CFECBD /* PrototypeClient.swift in Sources */ = {isa = PBXBuildFile; fileRef = CB1E91C428F486B800CFECBD /* PrototypeClient.swift */; };
		CBA698F32917F03300588EBE /* ASIS_CommentService.swift in Sources */ = {isa = PBXBuildFile; fileRef = CBA698F22917F03300588EBE /* ASIS_CommentService.swift */; };
		CBA698F62917F0B100588EBE /* ASIS_TrimmingCommentService.swift in Sources */ = {isa = PBXBuildFile; fileRef = CBA698F52917F0B100588EBE /* ASIS_TrimmingCommentService.swift */; };
		CBA698F82917F0BB00588EBE /* ASIS_SpamFilteringCommentService.swift in Sources */ = {isa = PBXBuildFile; fileRef = CBA698F72917F0BB00588EBE /* ASIS_SpamFilteringCommentService.swift */; };
		CBA698FA2917F0C600588EBE /* ASIS_TrimFilteringCommentService.swift in Sources */ = {isa = PBXBuildFile; fileRef = CBA698F92917F0C600588EBE /* ASIS_TrimFilteringCommentService.swift */; };
		CBA6D63D290AA60C00877E54 /* Account.swift in Sources */ = {isa = PBXBuildFile; fileRef = CBA6D63C290AA60C00877E54 /* Account.swift */; };
		CBA6D63F290AA61200877E54 /* AccountService.swift in Sources */ = {isa = PBXBuildFile; fileRef = CBA6D63E290AA61200877E54 /* AccountService.swift */; };
		CBA795F9290FBBEA004BBE05 /* Champion.swift in Sources */ = {isa = PBXBuildFile; fileRef = CBA795F8290FBBEA004BBE05 /* Champion.swift */; };
		CBA795FB290FBC52004BBE05 /* 좀비누누와일럼프.swift in Sources */ = {isa = PBXBuildFile; fileRef = CBA795FA290FBC52004BBE05 /* 좀비누누와일럼프.swift */; };
		CBA795FD290FBC58004BBE05 /* 좀비카이사.swift in Sources */ = {isa = PBXBuildFile; fileRef = CBA795FC290FBC58004BBE05 /* 좀비카이사.swift */; };
		CBA795FF290FBC62004BBE05 /* 크리스마스누누와윌럼프.swift in Sources */ = {isa = PBXBuildFile; fileRef = CBA795FE290FBC62004BBE05 /* 크리스마스누누와윌럼프.swift */; };
		CBA79601290FBC70004BBE05 /* 크리스마스카이사.swift in Sources */ = {isa = PBXBuildFile; fileRef = CBA79600290FBC70004BBE05 /* 크리스마스카이사.swift */; };
		CBA79604290FBD01004BBE05 /* DefaultChampion.swift in Sources */ = {isa = PBXBuildFile; fileRef = CBA79603290FBD01004BBE05 /* DefaultChampion.swift */; };
		CBA79606290FBD06004BBE05 /* Skin.swift in Sources */ = {isa = PBXBuildFile; fileRef = CBA79605290FBD06004BBE05 /* Skin.swift */; };
		CBA7960A290FBDCB004BBE05 /* 누누와윌럼프.swift in Sources */ = {isa = PBXBuildFile; fileRef = CBA79609290FBDCB004BBE05 /* 누누와윌럼프.swift */; };
		CBA7960C290FBE23004BBE05 /* ChristmasSkin.swift in Sources */ = {isa = PBXBuildFile; fileRef = CBA7960B290FBE23004BBE05 /* ChristmasSkin.swift */; };
		CBA7960E290FBE44004BBE05 /* ZombieSkin.swift in Sources */ = {isa = PBXBuildFile; fileRef = CBA7960D290FBE44004BBE05 /* ZombieSkin.swift */; };
		CBA79610290FBF05004BBE05 /* BridgeApp.swift in Sources */ = {isa = PBXBuildFile; fileRef = CBA7960F290FBF05004BBE05 /* BridgeApp.swift */; };
		CBA79614290FBFD7004BBE05 /* 카이사.swift in Sources */ = {isa = PBXBuildFile; fileRef = CBA79613290FBFD7004BBE05 /* 카이사.swift */; };
		CBA79616290FC0E8004BBE05 /* 좀비케인.swift in Sources */ = {isa = PBXBuildFile; fileRef = CBA79615290FC0E8004BBE05 /* 좀비케인.swift */; };
		CBA79618290FC115004BBE05 /* 크리스마스브라움.swift in Sources */ = {isa = PBXBuildFile; fileRef = CBA79617290FC115004BBE05 /* 크리스마스브라움.swift */; };
		CBA7961B290FCF52004BBE05 /* Item.swift in Sources */ = {isa = PBXBuildFile; fileRef = CBA7961A290FCF52004BBE05 /* Item.swift */; };
		CBA7961D290FCF79004BBE05 /* Bag.swift in Sources */ = {isa = PBXBuildFile; fileRef = CBA7961C290FCF79004BBE05 /* Bag.swift */; };
		CBA7961F290FCFB6004BBE05 /* CompositeApp.swift in Sources */ = {isa = PBXBuildFile; fileRef = CBA7961E290FCFB6004BBE05 /* CompositeApp.swift */; };
		CBA79621290FD7DB004BBE05 /* Component.swift in Sources */ = {isa = PBXBuildFile; fileRef = CBA79620290FD7DB004BBE05 /* Component.swift */; };
		CBA79624290FE508004BBE05 /* DecoratorApp.swift in Sources */ = {isa = PBXBuildFile; fileRef = CBA79623290FE508004BBE05 /* DecoratorApp.swift */; };
		CBA79626290FE51F004BBE05 /* CommentService.swift in Sources */ = {isa = PBXBuildFile; fileRef = CBA79625290FE51F004BBE05 /* CommentService.swift */; };
		CBA7962F290FEAF2004BBE05 /* DefaultCommentService.swift in Sources */ = {isa = PBXBuildFile; fileRef = CBA7962E290FEAF2004BBE05 /* DefaultCommentService.swift */; };
		CBA79631290FEBE3004BBE05 /* CommentDecorator.swift in Sources */ = {isa = PBXBuildFile; fileRef = CBA79630290FEBE3004BBE05 /* CommentDecorator.swift */; };
		CBA7963329101B82004BBE05 /* TrimCommentDecorator.swift in Sources */ = {isa = PBXBuildFile; fileRef = CBA7963229101B82004BBE05 /* TrimCommentDecorator.swift */; };
		CBA7963529101B8D004BBE05 /* SpamFilteringCommentDecorator.swift in Sources */ = {isa = PBXBuildFile; fileRef = CBA7963429101B8D004BBE05 /* SpamFilteringCommentDecorator.swift */; };
		CBB283CB2920CE48005A405B /* Americano.swift in Sources */ = {isa = PBXBuildFile; fileRef = CBB283CA2920CE48005A405B /* Americano.swift */; };
		CBB283CD2920CEAA005A405B /* DefaultAmericano.swift in Sources */ = {isa = PBXBuildFile; fileRef = CBB283CC2920CEAA005A405B /* DefaultAmericano.swift */; };
		CBB283CF2920CEFA005A405B /* AmericanoDecorator.swift in Sources */ = {isa = PBXBuildFile; fileRef = CBB283CE2920CEFA005A405B /* AmericanoDecorator.swift */; };
		CBB283D12920CF57005A405B /* HazelnutAmericanoDecorator.swift in Sources */ = {isa = PBXBuildFile; fileRef = CBB283D02920CF57005A405B /* HazelnutAmericanoDecorator.swift */; };
		CBB283D42920D037005A405B /* vanillaAmericanoDecorator.swift in Sources */ = {isa = PBXBuildFile; fileRef = CBB283D32920D037005A405B /* vanillaAmericanoDecorator.swift */; };
		CBB283DA2920DF85005A405B /* FlyWeightApp.swift in Sources */ = {isa = PBXBuildFile; fileRef = CBB283D92920DF85005A405B /* FlyWeightApp.swift */; };
		CBB283DE292A1909005A405B /* Character.swift in Sources */ = {isa = PBXBuildFile; fileRef = CBB283DD292A1909005A405B /* Character.swift */; };
		CBB283E0292A19A9005A405B /* FontFactory.swift in Sources */ = {isa = PBXBuildFile; fileRef = CBB283DF292A19A9005A405B /* FontFactory.swift */; };
		CBB283E3292A1E68005A405B /* ProxyApp.swift in Sources */ = {isa = PBXBuildFile; fileRef = CBB283E2292A1E68005A405B /* ProxyApp.swift */; };
		CBB283E5292A1E6D005A405B /* GameService.swift in Sources */ = {isa = PBXBuildFile; fileRef = CBB283E4292A1E6D005A405B /* GameService.swift */; };
		CBB283E729331CAF005A405B /* RealGameService.swift in Sources */ = {isa = PBXBuildFile; fileRef = CBB283E629331CAF005A405B /* RealGameService.swift */; };
		CBB283E929331CDD005A405B /* ProxyGameService.swift in Sources */ = {isa = PBXBuildFile; fileRef = CBB283E829331CDD005A405B /* ProxyGameService.swift */; };
		CBDEA4AE28F40CF700D6C36B /* AppDelegate.swift in Sources */ = {isa = PBXBuildFile; fileRef = CBDEA4AD28F40CF700D6C36B /* AppDelegate.swift */; };
		CBDEA4B028F40CF700D6C36B /* SceneDelegate.swift in Sources */ = {isa = PBXBuildFile; fileRef = CBDEA4AF28F40CF700D6C36B /* SceneDelegate.swift */; };
		CBDEA4B228F40CF700D6C36B /* ViewController.swift in Sources */ = {isa = PBXBuildFile; fileRef = CBDEA4B128F40CF700D6C36B /* ViewController.swift */; };
		CBDEA4B528F40CF700D6C36B /* Main.storyboard in Resources */ = {isa = PBXBuildFile; fileRef = CBDEA4B328F40CF700D6C36B /* Main.storyboard */; };
		CBDEA4B728F40CFB00D6C36B /* Assets.xcassets in Resources */ = {isa = PBXBuildFile; fileRef = CBDEA4B628F40CFB00D6C36B /* Assets.xcassets */; };
		CBDEA4BA28F40CFB00D6C36B /* LaunchScreen.storyboard in Resources */ = {isa = PBXBuildFile; fileRef = CBDEA4B828F40CFB00D6C36B /* LaunchScreen.storyboard */; };
		CBDEA4C328F40F8700D6C36B /* Settings.swift in Sources */ = {isa = PBXBuildFile; fileRef = CBDEA4C228F40F8700D6C36B /* Settings.swift */; };
/* End PBXBuildFile section */

/* Begin PBXFileReference section */
		CB0827C9290AAEA2008167A7 /* OtherUser.swift */ = {isa = PBXFileReference; lastKnownFileType = sourcecode.swift; path = OtherUser.swift; sourceTree = "<group>"; };
		CB0827CB290AAF1D008167A7 /* OtherUserService.swift */ = {isa = PBXFileReference; lastKnownFileType = sourcecode.swift; path = OtherUserService.swift; sourceTree = "<group>"; };
		CB0827CD290AAFB7008167A7 /* LoginHandler.swift */ = {isa = PBXFileReference; lastKnownFileType = sourcecode.swift; path = LoginHandler.swift; sourceTree = "<group>"; };
		CB0827CF290AB1B4008167A7 /* OtherUserAdapter.swift */ = {isa = PBXFileReference; lastKnownFileType = sourcecode.swift; path = OtherUserAdapter.swift; sourceTree = "<group>"; };
		CB0827D1290AB566008167A7 /* OtherUserServiceAdapter.swift */ = {isa = PBXFileReference; lastKnownFileType = sourcecode.swift; path = OtherUserServiceAdapter.swift; sourceTree = "<group>"; };
		CB0827D7290AB840008167A7 /* AdapterApp.swift */ = {isa = PBXFileReference; lastKnownFileType = sourcecode.swift; path = AdapterApp.swift; sourceTree = "<group>"; };
		CB1E91B128F4314E00CFECBD /* TourPlanBuilder.swift */ = {isa = PBXFileReference; lastKnownFileType = sourcecode.swift; path = TourPlanBuilder.swift; sourceTree = "<group>"; };
		CB1E91B528F431B900CFECBD /* DefaultTourPalnBuilder.swift */ = {isa = PBXFileReference; lastKnownFileType = sourcecode.swift; path = DefaultTourPalnBuilder.swift; sourceTree = "<group>"; };
		CB1E91B828F431C500CFECBD /* TourPlan.swift */ = {isa = PBXFileReference; lastKnownFileType = sourcecode.swift; path = TourPlan.swift; sourceTree = "<group>"; };
		CB1E91BB28F4367D00CFECBD /* TourDirector.swift */ = {isa = PBXFileReference; lastKnownFileType = sourcecode.swift; path = TourDirector.swift; sourceTree = "<group>"; };
		CB1E91C028F4866300CFECBD /* GithubRepository.swift */ = {isa = PBXFileReference; lastKnownFileType = sourcecode.swift; path = GithubRepository.swift; sourceTree = "<group>"; };
		CB1E91C228F4866B00CFECBD /* GithubIssue.swift */ = {isa = PBXFileReference; lastKnownFileType = sourcecode.swift; path = GithubIssue.swift; sourceTree = "<group>"; };
		CB1E91C428F486B800CFECBD /* PrototypeClient.swift */ = {isa = PBXFileReference; lastKnownFileType = sourcecode.swift; path = PrototypeClient.swift; sourceTree = "<group>"; };
		CBA698F22917F03300588EBE /* ASIS_CommentService.swift */ = {isa = PBXFileReference; lastKnownFileType = sourcecode.swift; path = ASIS_CommentService.swift; sourceTree = "<group>"; };
		CBA698F52917F0B100588EBE /* ASIS_TrimmingCommentService.swift */ = {isa = PBXFileReference; lastKnownFileType = sourcecode.swift; path = ASIS_TrimmingCommentService.swift; sourceTree = "<group>"; };
		CBA698F72917F0BB00588EBE /* ASIS_SpamFilteringCommentService.swift */ = {isa = PBXFileReference; lastKnownFileType = sourcecode.swift; path = ASIS_SpamFilteringCommentService.swift; sourceTree = "<group>"; };
		CBA698F92917F0C600588EBE /* ASIS_TrimFilteringCommentService.swift */ = {isa = PBXFileReference; lastKnownFileType = sourcecode.swift; path = ASIS_TrimFilteringCommentService.swift; sourceTree = "<group>"; };
		CBA6D63C290AA60C00877E54 /* Account.swift */ = {isa = PBXFileReference; lastKnownFileType = sourcecode.swift; path = Account.swift; sourceTree = "<group>"; };
		CBA6D63E290AA61200877E54 /* AccountService.swift */ = {isa = PBXFileReference; lastKnownFileType = sourcecode.swift; path = AccountService.swift; sourceTree = "<group>"; };
		CBA795F8290FBBEA004BBE05 /* Champion.swift */ = {isa = PBXFileReference; lastKnownFileType = sourcecode.swift; path = Champion.swift; sourceTree = "<group>"; };
		CBA795FA290FBC52004BBE05 /* 좀비누누와일럼프.swift */ = {isa = PBXFileReference; lastKnownFileType = sourcecode.swift; path = "좀비누누와일럼프.swift"; sourceTree = "<group>"; };
		CBA795FC290FBC58004BBE05 /* 좀비카이사.swift */ = {isa = PBXFileReference; lastKnownFileType = sourcecode.swift; path = "좀비카이사.swift"; sourceTree = "<group>"; };
		CBA795FE290FBC62004BBE05 /* 크리스마스누누와윌럼프.swift */ = {isa = PBXFileReference; lastKnownFileType = sourcecode.swift; path = "크리스마스누누와윌럼프.swift"; sourceTree = "<group>"; };
		CBA79600290FBC70004BBE05 /* 크리스마스카이사.swift */ = {isa = PBXFileReference; lastKnownFileType = sourcecode.swift; path = "크리스마스카이사.swift"; sourceTree = "<group>"; };
		CBA79603290FBD01004BBE05 /* DefaultChampion.swift */ = {isa = PBXFileReference; lastKnownFileType = sourcecode.swift; path = DefaultChampion.swift; sourceTree = "<group>"; };
		CBA79605290FBD06004BBE05 /* Skin.swift */ = {isa = PBXFileReference; lastKnownFileType = sourcecode.swift; path = Skin.swift; sourceTree = "<group>"; };
		CBA79609290FBDCB004BBE05 /* 누누와윌럼프.swift */ = {isa = PBXFileReference; lastKnownFileType = sourcecode.swift; path = "누누와윌럼프.swift"; sourceTree = "<group>"; };
		CBA7960B290FBE23004BBE05 /* ChristmasSkin.swift */ = {isa = PBXFileReference; lastKnownFileType = sourcecode.swift; path = ChristmasSkin.swift; sourceTree = "<group>"; };
		CBA7960D290FBE44004BBE05 /* ZombieSkin.swift */ = {isa = PBXFileReference; lastKnownFileType = sourcecode.swift; path = ZombieSkin.swift; sourceTree = "<group>"; };
		CBA7960F290FBF05004BBE05 /* BridgeApp.swift */ = {isa = PBXFileReference; lastKnownFileType = sourcecode.swift; path = BridgeApp.swift; sourceTree = "<group>"; };
		CBA79613290FBFD7004BBE05 /* 카이사.swift */ = {isa = PBXFileReference; lastKnownFileType = sourcecode.swift; path = "카이사.swift"; sourceTree = "<group>"; };
		CBA79615290FC0E8004BBE05 /* 좀비케인.swift */ = {isa = PBXFileReference; lastKnownFileType = sourcecode.swift; path = "좀비케인.swift"; sourceTree = "<group>"; };
		CBA79617290FC115004BBE05 /* 크리스마스브라움.swift */ = {isa = PBXFileReference; lastKnownFileType = sourcecode.swift; path = "크리스마스브라움.swift"; sourceTree = "<group>"; };
		CBA7961A290FCF52004BBE05 /* Item.swift */ = {isa = PBXFileReference; lastKnownFileType = sourcecode.swift; path = Item.swift; sourceTree = "<group>"; };
		CBA7961C290FCF79004BBE05 /* Bag.swift */ = {isa = PBXFileReference; lastKnownFileType = sourcecode.swift; path = Bag.swift; sourceTree = "<group>"; };
		CBA7961E290FCFB6004BBE05 /* CompositeApp.swift */ = {isa = PBXFileReference; lastKnownFileType = sourcecode.swift; path = CompositeApp.swift; sourceTree = "<group>"; };
		CBA79620290FD7DB004BBE05 /* Component.swift */ = {isa = PBXFileReference; lastKnownFileType = sourcecode.swift; path = Component.swift; sourceTree = "<group>"; };
		CBA79623290FE508004BBE05 /* DecoratorApp.swift */ = {isa = PBXFileReference; lastKnownFileType = sourcecode.swift; path = DecoratorApp.swift; sourceTree = "<group>"; };
		CBA79625290FE51F004BBE05 /* CommentService.swift */ = {isa = PBXFileReference; lastKnownFileType = sourcecode.swift; path = CommentService.swift; sourceTree = "<group>"; };
		CBA7962E290FEAF2004BBE05 /* DefaultCommentService.swift */ = {isa = PBXFileReference; lastKnownFileType = sourcecode.swift; path = DefaultCommentService.swift; sourceTree = "<group>"; };
		CBA79630290FEBE3004BBE05 /* CommentDecorator.swift */ = {isa = PBXFileReference; lastKnownFileType = sourcecode.swift; path = CommentDecorator.swift; sourceTree = "<group>"; };
		CBA7963229101B82004BBE05 /* TrimCommentDecorator.swift */ = {isa = PBXFileReference; lastKnownFileType = sourcecode.swift; path = TrimCommentDecorator.swift; sourceTree = "<group>"; };
		CBA7963429101B8D004BBE05 /* SpamFilteringCommentDecorator.swift */ = {isa = PBXFileReference; lastKnownFileType = sourcecode.swift; path = SpamFilteringCommentDecorator.swift; sourceTree = "<group>"; };
		CBB283CA2920CE48005A405B /* Americano.swift */ = {isa = PBXFileReference; lastKnownFileType = sourcecode.swift; path = Americano.swift; sourceTree = "<group>"; };
		CBB283CC2920CEAA005A405B /* DefaultAmericano.swift */ = {isa = PBXFileReference; lastKnownFileType = sourcecode.swift; path = DefaultAmericano.swift; sourceTree = "<group>"; };
		CBB283CE2920CEFA005A405B /* AmericanoDecorator.swift */ = {isa = PBXFileReference; lastKnownFileType = sourcecode.swift; path = AmericanoDecorator.swift; sourceTree = "<group>"; };
		CBB283D02920CF57005A405B /* HazelnutAmericanoDecorator.swift */ = {isa = PBXFileReference; lastKnownFileType = sourcecode.swift; path = HazelnutAmericanoDecorator.swift; sourceTree = "<group>"; };
		CBB283D32920D037005A405B /* vanillaAmericanoDecorator.swift */ = {isa = PBXFileReference; lastKnownFileType = sourcecode.swift; path = vanillaAmericanoDecorator.swift; sourceTree = "<group>"; };
		CBB283D92920DF85005A405B /* FlyWeightApp.swift */ = {isa = PBXFileReference; lastKnownFileType = sourcecode.swift; path = FlyWeightApp.swift; sourceTree = "<group>"; };
		CBB283DD292A1909005A405B /* Character.swift */ = {isa = PBXFileReference; lastKnownFileType = sourcecode.swift; path = Character.swift; sourceTree = "<group>"; };
		CBB283DF292A19A9005A405B /* FontFactory.swift */ = {isa = PBXFileReference; lastKnownFileType = sourcecode.swift; path = FontFactory.swift; sourceTree = "<group>"; };
		CBB283E2292A1E68005A405B /* ProxyApp.swift */ = {isa = PBXFileReference; lastKnownFileType = sourcecode.swift; path = ProxyApp.swift; sourceTree = "<group>"; };
		CBB283E4292A1E6D005A405B /* GameService.swift */ = {isa = PBXFileReference; lastKnownFileType = sourcecode.swift; path = GameService.swift; sourceTree = "<group>"; };
		CBB283E629331CAF005A405B /* RealGameService.swift */ = {isa = PBXFileReference; lastKnownFileType = sourcecode.swift; path = RealGameService.swift; sourceTree = "<group>"; };
		CBB283E829331CDD005A405B /* ProxyGameService.swift */ = {isa = PBXFileReference; lastKnownFileType = sourcecode.swift; path = ProxyGameService.swift; sourceTree = "<group>"; };
		CBDEA4AA28F40CF700D6C36B /* GoFDesignPattern.app */ = {isa = PBXFileReference; explicitFileType = wrapper.application; includeInIndex = 0; path = GoFDesignPattern.app; sourceTree = BUILT_PRODUCTS_DIR; };
		CBDEA4AD28F40CF700D6C36B /* AppDelegate.swift */ = {isa = PBXFileReference; lastKnownFileType = sourcecode.swift; path = AppDelegate.swift; sourceTree = "<group>"; };
		CBDEA4AF28F40CF700D6C36B /* SceneDelegate.swift */ = {isa = PBXFileReference; lastKnownFileType = sourcecode.swift; path = SceneDelegate.swift; sourceTree = "<group>"; };
		CBDEA4B128F40CF700D6C36B /* ViewController.swift */ = {isa = PBXFileReference; lastKnownFileType = sourcecode.swift; path = ViewController.swift; sourceTree = "<group>"; };
		CBDEA4B428F40CF700D6C36B /* Base */ = {isa = PBXFileReference; lastKnownFileType = file.storyboard; name = Base; path = Base.lproj/Main.storyboard; sourceTree = "<group>"; };
		CBDEA4B628F40CFB00D6C36B /* Assets.xcassets */ = {isa = PBXFileReference; lastKnownFileType = folder.assetcatalog; path = Assets.xcassets; sourceTree = "<group>"; };
		CBDEA4B928F40CFB00D6C36B /* Base */ = {isa = PBXFileReference; lastKnownFileType = file.storyboard; name = Base; path = Base.lproj/LaunchScreen.storyboard; sourceTree = "<group>"; };
		CBDEA4BB28F40CFB00D6C36B /* Info.plist */ = {isa = PBXFileReference; lastKnownFileType = text.plist.xml; path = Info.plist; sourceTree = "<group>"; };
		CBDEA4C228F40F8700D6C36B /* Settings.swift */ = {isa = PBXFileReference; lastKnownFileType = sourcecode.swift; path = Settings.swift; sourceTree = "<group>"; };
/* End PBXFileReference section */

/* Begin PBXFrameworksBuildPhase section */
		CBDEA4A728F40CF700D6C36B /* Frameworks */ = {
			isa = PBXFrameworksBuildPhase;
			buildActionMask = 2147483647;
			files = (
			);
			runOnlyForDeploymentPostprocessing = 0;
		};
/* End PBXFrameworksBuildPhase section */

/* Begin PBXGroup section */
		CB0827D3290AB7EF008167A7 /* Adapter Object */ = {
			isa = PBXGroup;
			children = (
				CB0827CF290AB1B4008167A7 /* OtherUserAdapter.swift */,
				CB0827D1290AB566008167A7 /* OtherUserServiceAdapter.swift */,
			);
			path = "Adapter Object";
			sourceTree = "<group>";
		};
		CB0827D5290AB808008167A7 /* Innter Interface */ = {
			isa = PBXGroup;
			children = (
				CBA6D63C290AA60C00877E54 /* Account.swift */,
				CBA6D63E290AA61200877E54 /* AccountService.swift */,
				CB0827D3290AB7EF008167A7 /* Adapter Object */,
			);
			path = "Innter Interface";
			sourceTree = "<group>";
		};
		CB0827D6290AB813008167A7 /* Other Interface */ = {
			isa = PBXGroup;
			children = (
				CB0827C9290AAEA2008167A7 /* OtherUser.swift */,
				CB0827CB290AAF1D008167A7 /* OtherUserService.swift */,
				CB0827CD290AAFB7008167A7 /* LoginHandler.swift */,
			);
			path = "Other Interface";
			sourceTree = "<group>";
		};
		CB1E91AF28F42F4C00CFECBD /* Builder */ = {
			isa = PBXGroup;
			children = (
				CB1E91B728F431C000CFECBD /* Product */,
				CB1E91B328F4318F00CFECBD /* Builder */,
				CB1E91BA28F4367600CFECBD /* Director */,
			);
			path = Builder;
			sourceTree = "<group>";
		};
		CB1E91B328F4318F00CFECBD /* Builder */ = {
			isa = PBXGroup;
			children = (
				CB1E91B128F4314E00CFECBD /* TourPlanBuilder.swift */,
				CB1E91B528F431B900CFECBD /* DefaultTourPalnBuilder.swift */,
			);
			path = Builder;
			sourceTree = "<group>";
		};
		CB1E91B728F431C000CFECBD /* Product */ = {
			isa = PBXGroup;
			children = (
				CB1E91B828F431C500CFECBD /* TourPlan.swift */,
			);
			path = Product;
			sourceTree = "<group>";
		};
		CB1E91BA28F4367600CFECBD /* Director */ = {
			isa = PBXGroup;
			children = (
				CB1E91BB28F4367D00CFECBD /* TourDirector.swift */,
			);
			path = Director;
			sourceTree = "<group>";
		};
		CB1E91BF28F485E300CFECBD /* Prototype */ = {
			isa = PBXGroup;
			children = (
				CB1E91C028F4866300CFECBD /* GithubRepository.swift */,
				CB1E91C228F4866B00CFECBD /* GithubIssue.swift */,
				CB1E91C428F486B800CFECBD /* PrototypeClient.swift */,
			);
			path = Prototype;
			sourceTree = "<group>";
		};
		CBA698F02917F01800588EBE /* AS-IS */ = {
			isa = PBXGroup;
			children = (
				CBA698F22917F03300588EBE /* ASIS_CommentService.swift */,
				CBA698F52917F0B100588EBE /* ASIS_TrimmingCommentService.swift */,
				CBA698F72917F0BB00588EBE /* ASIS_SpamFilteringCommentService.swift */,
				CBA698F92917F0C600588EBE /* ASIS_TrimFilteringCommentService.swift */,
			);
			path = "AS-IS";
			sourceTree = "<group>";
		};
		CBA698F12917F01E00588EBE /* TO-BE */ = {
			isa = PBXGroup;
			children = (
				CBA79625290FE51F004BBE05 /* CommentService.swift */,
				CBA7962E290FEAF2004BBE05 /* DefaultCommentService.swift */,
				CBA79630290FEBE3004BBE05 /* CommentDecorator.swift */,
				CBA7963229101B82004BBE05 /* TrimCommentDecorator.swift */,
				CBA7963429101B8D004BBE05 /* SpamFilteringCommentDecorator.swift */,
			);
			path = "TO-BE";
			sourceTree = "<group>";
		};
		CBA6D638290AA13000877E54 /* Creation Pattern */ = {
			isa = PBXGroup;
			children = (
				CBDEA4C128F40F7700D6C36B /* Singleton */,
				CB1E91AF28F42F4C00CFECBD /* Builder */,
				CB1E91BF28F485E300CFECBD /* Prototype */,
			);
			path = "Creation Pattern";
			sourceTree = "<group>";
		};
		CBA6D639290AA13A00877E54 /* Structure Pattern */ = {
			isa = PBXGroup;
			children = (
				CBA6D63A290AA14300877E54 /* 1. Adapter */,
				CBA795F6290FBBD2004BBE05 /* 2. Bridge */,
				CBA79619290FCF25004BBE05 /* 3. Composite */,
				CBA79622290FE4F2004BBE05 /* 4. Decorator */,
				CBB283D52920DA1C005A405B /* 5. Pacade */,
				CBB283D82920DF62005A405B /* 6. FlyWeight */,
				CBB283E1292A1E50005A405B /* 7. Proxy */,
			);
			path = "Structure Pattern";
			sourceTree = "<group>";
		};
		CBA6D63A290AA14300877E54 /* 1. Adapter */ = {
			isa = PBXGroup;
			children = (
				CB0827D6290AB813008167A7 /* Other Interface */,
				CB0827D5290AB808008167A7 /* Innter Interface */,
				CB0827D7290AB840008167A7 /* AdapterApp.swift */,
			);
			path = "1. Adapter";
			sourceTree = "<group>";
		};
		CBA795F6290FBBD2004BBE05 /* 2. Bridge */ = {
			isa = PBXGroup;
			children = (
				CBA7960F290FBF05004BBE05 /* BridgeApp.swift */,
				CBA795F8290FBBEA004BBE05 /* Champion.swift */,
				CBA795F7290FBBDA004BBE05 /* AS-IS */,
				CBA79602290FBCF5004BBE05 /* TO-BE */,
			);
			path = "2. Bridge";
			sourceTree = "<group>";
		};
		CBA795F7290FBBDA004BBE05 /* AS-IS */ = {
			isa = PBXGroup;
			children = (
				CBA795FE290FBC62004BBE05 /* 크리스마스누누와윌럼프.swift */,
				CBA79600290FBC70004BBE05 /* 크리스마스카이사.swift */,
				CBA795FA290FBC52004BBE05 /* 좀비누누와일럼프.swift */,
				CBA795FC290FBC58004BBE05 /* 좀비카이사.swift */,
				CBA79615290FC0E8004BBE05 /* 좀비케인.swift */,
				CBA79617290FC115004BBE05 /* 크리스마스브라움.swift */,
			);
			path = "AS-IS";
			sourceTree = "<group>";
		};
		CBA79602290FBCF5004BBE05 /* TO-BE */ = {
			isa = PBXGroup;
			children = (
				CBA79611290FBF40004BBE05 /* Abstract */,
				CBA79612290FBF91004BBE05 /* Concrete */,
			);
			path = "TO-BE";
			sourceTree = "<group>";
		};
		CBA79611290FBF40004BBE05 /* Abstract */ = {
			isa = PBXGroup;
			children = (
				CBA79605290FBD06004BBE05 /* Skin.swift */,
				CBA79603290FBD01004BBE05 /* DefaultChampion.swift */,
			);
			path = Abstract;
			sourceTree = "<group>";
		};
		CBA79612290FBF91004BBE05 /* Concrete */ = {
			isa = PBXGroup;
			children = (
				CBA7960B290FBE23004BBE05 /* ChristmasSkin.swift */,
				CBA7960D290FBE44004BBE05 /* ZombieSkin.swift */,
				CBA79609290FBDCB004BBE05 /* 누누와윌럼프.swift */,
				CBA79613290FBFD7004BBE05 /* 카이사.swift */,
			);
			path = Concrete;
			sourceTree = "<group>";
		};
		CBA79619290FCF25004BBE05 /* 3. Composite */ = {
			isa = PBXGroup;
			children = (
				CBA7961E290FCFB6004BBE05 /* CompositeApp.swift */,
				CBA79620290FD7DB004BBE05 /* Component.swift */,
				CBA7961C290FCF79004BBE05 /* Bag.swift */,
				CBA7961A290FCF52004BBE05 /* Item.swift */,
			);
			path = "3. Composite";
			sourceTree = "<group>";
		};
		CBA79622290FE4F2004BBE05 /* 4. Decorator */ = {
			isa = PBXGroup;
			children = (
				CBA79623290FE508004BBE05 /* DecoratorApp.swift */,
				CBA698F02917F01800588EBE /* AS-IS */,
				CBA698F12917F01E00588EBE /* TO-BE */,
				CBB283BF2920BCE0005A405B /* Custom */,
			);
			path = "4. Decorator";
			sourceTree = "<group>";
		};
		CBB283BF2920BCE0005A405B /* Custom */ = {
			isa = PBXGroup;
			children = (
				CBB283CA2920CE48005A405B /* Americano.swift */,
				CBB283CC2920CEAA005A405B /* DefaultAmericano.swift */,
				CBB283CE2920CEFA005A405B /* AmericanoDecorator.swift */,
				CBB283D02920CF57005A405B /* HazelnutAmericanoDecorator.swift */,
				CBB283D32920D037005A405B /* vanillaAmericanoDecorator.swift */,
			);
			path = Custom;
			sourceTree = "<group>";
		};
		CBB283D52920DA1C005A405B /* 5. Pacade */ = {
			isa = PBXGroup;
			children = (
			);
			path = "5. Pacade";
			sourceTree = "<group>";
		};
		CBB283D82920DF62005A405B /* 6. FlyWeight */ = {
			isa = PBXGroup;
			children = (
				CBB283D92920DF85005A405B /* FlyWeightApp.swift */,
				CBB283DD292A1909005A405B /* Character.swift */,
				CBB283DF292A19A9005A405B /* FontFactory.swift */,
			);
			path = "6. FlyWeight";
			sourceTree = "<group>";
		};
		CBB283E1292A1E50005A405B /* 7. Proxy */ = {
			isa = PBXGroup;
			children = (
				CBB283E2292A1E68005A405B /* ProxyApp.swift */,
				CBB283E4292A1E6D005A405B /* GameService.swift */,
				CBB283E629331CAF005A405B /* RealGameService.swift */,
				CBB283E829331CDD005A405B /* ProxyGameService.swift */,
			);
			path = "7. Proxy";
			sourceTree = "<group>";
		};
		CBDEA4A128F40CF700D6C36B = {
			isa = PBXGroup;
			children = (
				CBDEA4AC28F40CF700D6C36B /* GoFDesignPattern */,
				CBDEA4AB28F40CF700D6C36B /* Products */,
			);
			sourceTree = "<group>";
		};
		CBDEA4AB28F40CF700D6C36B /* Products */ = {
			isa = PBXGroup;
			children = (
				CBDEA4AA28F40CF700D6C36B /* GoFDesignPattern.app */,
			);
			name = Products;
			sourceTree = "<group>";
		};
		CBDEA4AC28F40CF700D6C36B /* GoFDesignPattern */ = {
			isa = PBXGroup;
			children = (
				CBA6D638290AA13000877E54 /* Creation Pattern */,
				CBA6D639290AA13A00877E54 /* Structure Pattern */,
				CBDEA4AD28F40CF700D6C36B /* AppDelegate.swift */,
				CBDEA4AF28F40CF700D6C36B /* SceneDelegate.swift */,
				CBDEA4B128F40CF700D6C36B /* ViewController.swift */,
				CBDEA4B328F40CF700D6C36B /* Main.storyboard */,
				CBDEA4B628F40CFB00D6C36B /* Assets.xcassets */,
				CBDEA4B828F40CFB00D6C36B /* LaunchScreen.storyboard */,
				CBDEA4BB28F40CFB00D6C36B /* Info.plist */,
			);
			path = GoFDesignPattern;
			sourceTree = "<group>";
		};
		CBDEA4C128F40F7700D6C36B /* Singleton */ = {
			isa = PBXGroup;
			children = (
				CBDEA4C228F40F8700D6C36B /* Settings.swift */,
			);
			path = Singleton;
			sourceTree = "<group>";
		};
/* End PBXGroup section */

/* Begin PBXNativeTarget section */
		CBDEA4A928F40CF700D6C36B /* GoFDesignPattern */ = {
			isa = PBXNativeTarget;
			buildConfigurationList = CBDEA4BE28F40CFB00D6C36B /* Build configuration list for PBXNativeTarget "GoFDesignPattern" */;
			buildPhases = (
				CBDEA4A628F40CF700D6C36B /* Sources */,
				CBDEA4A728F40CF700D6C36B /* Frameworks */,
				CBDEA4A828F40CF700D6C36B /* Resources */,
			);
			buildRules = (
			);
			dependencies = (
			);
			name = GoFDesignPattern;
			productName = GoFDesignPattern;
			productReference = CBDEA4AA28F40CF700D6C36B /* GoFDesignPattern.app */;
			productType = "com.apple.product-type.application";
		};
/* End PBXNativeTarget section */

/* Begin PBXProject section */
		CBDEA4A228F40CF700D6C36B /* Project object */ = {
			isa = PBXProject;
			attributes = {
				BuildIndependentTargetsInParallel = 1;
				LastSwiftUpdateCheck = 1340;
				LastUpgradeCheck = 1340;
				TargetAttributes = {
					CBDEA4A928F40CF700D6C36B = {
						CreatedOnToolsVersion = 13.4.1;
						LastSwiftMigration = 1340;
					};
				};
			};
			buildConfigurationList = CBDEA4A528F40CF700D6C36B /* Build configuration list for PBXProject "GoFDesignPattern" */;
			compatibilityVersion = "Xcode 13.0";
			developmentRegion = en;
			hasScannedForEncodings = 0;
			knownRegions = (
				en,
				Base,
			);
			mainGroup = CBDEA4A128F40CF700D6C36B;
			productRefGroup = CBDEA4AB28F40CF700D6C36B /* Products */;
			projectDirPath = "";
			projectRoot = "";
			targets = (
				CBDEA4A928F40CF700D6C36B /* GoFDesignPattern */,
			);
		};
/* End PBXProject section */

/* Begin PBXResourcesBuildPhase section */
		CBDEA4A828F40CF700D6C36B /* Resources */ = {
			isa = PBXResourcesBuildPhase;
			buildActionMask = 2147483647;
			files = (
				CBDEA4BA28F40CFB00D6C36B /* LaunchScreen.storyboard in Resources */,
				CBDEA4B728F40CFB00D6C36B /* Assets.xcassets in Resources */,
				CBDEA4B528F40CF700D6C36B /* Main.storyboard in Resources */,
			);
			runOnlyForDeploymentPostprocessing = 0;
		};
/* End PBXResourcesBuildPhase section */

/* Begin PBXSourcesBuildPhase section */
		CBDEA4A628F40CF700D6C36B /* Sources */ = {
			isa = PBXSourcesBuildPhase;
			buildActionMask = 2147483647;
			files = (
				CBA795F9290FBBEA004BBE05 /* Champion.swift in Sources */,
				CB1E91C128F4866300CFECBD /* GithubRepository.swift in Sources */,
				CBB283DE292A1909005A405B /* Character.swift in Sources */,
				CBA7961B290FCF52004BBE05 /* Item.swift in Sources */,
				CB0827D2290AB566008167A7 /* OtherUserServiceAdapter.swift in Sources */,
				CBB283E729331CAF005A405B /* RealGameService.swift in Sources */,
				CB0827CA290AAEA2008167A7 /* OtherUser.swift in Sources */,
				CBB283E5292A1E6D005A405B /* GameService.swift in Sources */,
				CBB283CF2920CEFA005A405B /* AmericanoDecorator.swift in Sources */,
				CBB283CD2920CEAA005A405B /* DefaultAmericano.swift in Sources */,
				CB1E91B928F431C500CFECBD /* TourPlan.swift in Sources */,
				CBDEA4B228F40CF700D6C36B /* ViewController.swift in Sources */,
				CBA7960A290FBDCB004BBE05 /* 누누와윌럼프.swift in Sources */,
				CBB283E0292A19A9005A405B /* FontFactory.swift in Sources */,
				CBA79618290FC115004BBE05 /* 크리스마스브라움.swift in Sources */,
				CB0827CE290AAFB7008167A7 /* LoginHandler.swift in Sources */,
				CBA7961D290FCF79004BBE05 /* Bag.swift in Sources */,
				CBA795FB290FBC52004BBE05 /* 좀비누누와일럼프.swift in Sources */,
				CBB283E929331CDD005A405B /* ProxyGameService.swift in Sources */,
				CBA6D63F290AA61200877E54 /* AccountService.swift in Sources */,
				CBA79631290FEBE3004BBE05 /* CommentDecorator.swift in Sources */,
				CBA7961F290FCFB6004BBE05 /* CompositeApp.swift in Sources */,
				CB0827D8290AB840008167A7 /* AdapterApp.swift in Sources */,
				CBB283E3292A1E68005A405B /* ProxyApp.swift in Sources */,
				CBA7962F290FEAF2004BBE05 /* DefaultCommentService.swift in Sources */,
				CBDEA4AE28F40CF700D6C36B /* AppDelegate.swift in Sources */,
				CBA79616290FC0E8004BBE05 /* 좀비케인.swift in Sources */,
				CBA698F32917F03300588EBE /* ASIS_CommentService.swift in Sources */,
				CBA7963529101B8D004BBE05 /* SpamFilteringCommentDecorator.swift in Sources */,
				CBA795FF290FBC62004BBE05 /* 크리스마스누누와윌럼프.swift in Sources */,
				CB1E91C528F486B800CFECBD /* PrototypeClient.swift in Sources */,
				CBA7963329101B82004BBE05 /* TrimCommentDecorator.swift in Sources */,
				CBA79626290FE51F004BBE05 /* CommentService.swift in Sources */,
				CBA6D63D290AA60C00877E54 /* Account.swift in Sources */,
				CBA79601290FBC70004BBE05 /* 크리스마스카이사.swift in Sources */,
				CBA79604290FBD01004BBE05 /* DefaultChampion.swift in Sources */,
				CB1E91BC28F4367D00CFECBD /* TourDirector.swift in Sources */,
				CBB283D42920D037005A405B /* vanillaAmericanoDecorator.swift in Sources */,
				CBA698F82917F0BB00588EBE /* ASIS_SpamFilteringCommentService.swift in Sources */,
				CBA79624290FE508004BBE05 /* DecoratorApp.swift in Sources */,
				CB0827CC290AAF1D008167A7 /* OtherUserService.swift in Sources */,
				CB1E91B628F431B900CFECBD /* DefaultTourPalnBuilder.swift in Sources */,
				CBA795FD290FBC58004BBE05 /* 좀비카이사.swift in Sources */,
				CBA7960C290FBE23004BBE05 /* ChristmasSkin.swift in Sources */,
				CBB283DA2920DF85005A405B /* FlyWeightApp.swift in Sources */,
				CBA79606290FBD06004BBE05 /* Skin.swift in Sources */,
				CBB283D12920CF57005A405B /* HazelnutAmericanoDecorator.swift in Sources */,
				CBA698F62917F0B100588EBE /* ASIS_TrimmingCommentService.swift in Sources */,
				CB0827D0290AB1B4008167A7 /* OtherUserAdapter.swift in Sources */,
				CB1E91C328F4866B00CFECBD /* GithubIssue.swift in Sources */,
				CBDEA4C328F40F8700D6C36B /* Settings.swift in Sources */,
				CBA698FA2917F0C600588EBE /* ASIS_TrimFilteringCommentService.swift in Sources */,
				CBDEA4B028F40CF700D6C36B /* SceneDelegate.swift in Sources */,
				CB1E91B228F4314E00CFECBD /* TourPlanBuilder.swift in Sources */,
				CBA79621290FD7DB004BBE05 /* Component.swift in Sources */,
				CBA79614290FBFD7004BBE05 /* 카이사.swift in Sources */,
				CBA79610290FBF05004BBE05 /* BridgeApp.swift in Sources */,
				CBA7960E290FBE44004BBE05 /* ZombieSkin.swift in Sources */,
				CBB283CB2920CE48005A405B /* Americano.swift in Sources */,
			);
			runOnlyForDeploymentPostprocessing = 0;
		};
/* End PBXSourcesBuildPhase section */

/* Begin PBXVariantGroup section */
		CBDEA4B328F40CF700D6C36B /* Main.storyboard */ = {
			isa = PBXVariantGroup;
			children = (
				CBDEA4B428F40CF700D6C36B /* Base */,
			);
			name = Main.storyboard;
			sourceTree = "<group>";
		};
		CBDEA4B828F40CFB00D6C36B /* LaunchScreen.storyboard */ = {
			isa = PBXVariantGroup;
			children = (
				CBDEA4B928F40CFB00D6C36B /* Base */,
			);
			name = LaunchScreen.storyboard;
			sourceTree = "<group>";
		};
/* End PBXVariantGroup section */

/* Begin XCBuildConfiguration section */
		CBDEA4BC28F40CFB00D6C36B /* Debug */ = {
			isa = XCBuildConfiguration;
			buildSettings = {
				ALWAYS_SEARCH_USER_PATHS = NO;
				CLANG_ANALYZER_NONNULL = YES;
				CLANG_ANALYZER_NUMBER_OBJECT_CONVERSION = YES_AGGRESSIVE;
				CLANG_CXX_LANGUAGE_STANDARD = "gnu++17";
				CLANG_ENABLE_MODULES = YES;
				CLANG_ENABLE_OBJC_ARC = YES;
				CLANG_ENABLE_OBJC_WEAK = YES;
				CLANG_WARN_BLOCK_CAPTURE_AUTORELEASING = YES;
				CLANG_WARN_BOOL_CONVERSION = YES;
				CLANG_WARN_COMMA = YES;
				CLANG_WARN_CONSTANT_CONVERSION = YES;
				CLANG_WARN_DEPRECATED_OBJC_IMPLEMENTATIONS = YES;
				CLANG_WARN_DIRECT_OBJC_ISA_USAGE = YES_ERROR;
				CLANG_WARN_DOCUMENTATION_COMMENTS = YES;
				CLANG_WARN_EMPTY_BODY = YES;
				CLANG_WARN_ENUM_CONVERSION = YES;
				CLANG_WARN_INFINITE_RECURSION = YES;
				CLANG_WARN_INT_CONVERSION = YES;
				CLANG_WARN_NON_LITERAL_NULL_CONVERSION = YES;
				CLANG_WARN_OBJC_IMPLICIT_RETAIN_SELF = YES;
				CLANG_WARN_OBJC_LITERAL_CONVERSION = YES;
				CLANG_WARN_OBJC_ROOT_CLASS = YES_ERROR;
				CLANG_WARN_QUOTED_INCLUDE_IN_FRAMEWORK_HEADER = YES;
				CLANG_WARN_RANGE_LOOP_ANALYSIS = YES;
				CLANG_WARN_STRICT_PROTOTYPES = YES;
				CLANG_WARN_SUSPICIOUS_MOVE = YES;
				CLANG_WARN_UNGUARDED_AVAILABILITY = YES_AGGRESSIVE;
				CLANG_WARN_UNREACHABLE_CODE = YES;
				CLANG_WARN__DUPLICATE_METHOD_MATCH = YES;
				COPY_PHASE_STRIP = NO;
				DEBUG_INFORMATION_FORMAT = dwarf;
				ENABLE_STRICT_OBJC_MSGSEND = YES;
				ENABLE_TESTABILITY = YES;
				GCC_C_LANGUAGE_STANDARD = gnu11;
				GCC_DYNAMIC_NO_PIC = NO;
				GCC_NO_COMMON_BLOCKS = YES;
				GCC_OPTIMIZATION_LEVEL = 0;
				GCC_PREPROCESSOR_DEFINITIONS = (
					"DEBUG=1",
					"$(inherited)",
				);
				GCC_WARN_64_TO_32_BIT_CONVERSION = YES;
				GCC_WARN_ABOUT_RETURN_TYPE = YES_ERROR;
				GCC_WARN_UNDECLARED_SELECTOR = YES;
				GCC_WARN_UNINITIALIZED_AUTOS = YES_AGGRESSIVE;
				GCC_WARN_UNUSED_FUNCTION = YES;
				GCC_WARN_UNUSED_VARIABLE = YES;
				IPHONEOS_DEPLOYMENT_TARGET = 15.5;
				MTL_ENABLE_DEBUG_INFO = INCLUDE_SOURCE;
				MTL_FAST_MATH = YES;
				ONLY_ACTIVE_ARCH = YES;
				SDKROOT = iphoneos;
				SWIFT_ACTIVE_COMPILATION_CONDITIONS = DEBUG;
				SWIFT_OPTIMIZATION_LEVEL = "-Onone";
			};
			name = Debug;
		};
		CBDEA4BD28F40CFB00D6C36B /* Release */ = {
			isa = XCBuildConfiguration;
			buildSettings = {
				ALWAYS_SEARCH_USER_PATHS = NO;
				CLANG_ANALYZER_NONNULL = YES;
				CLANG_ANALYZER_NUMBER_OBJECT_CONVERSION = YES_AGGRESSIVE;
				CLANG_CXX_LANGUAGE_STANDARD = "gnu++17";
				CLANG_ENABLE_MODULES = YES;
				CLANG_ENABLE_OBJC_ARC = YES;
				CLANG_ENABLE_OBJC_WEAK = YES;
				CLANG_WARN_BLOCK_CAPTURE_AUTORELEASING = YES;
				CLANG_WARN_BOOL_CONVERSION = YES;
				CLANG_WARN_COMMA = YES;
				CLANG_WARN_CONSTANT_CONVERSION = YES;
				CLANG_WARN_DEPRECATED_OBJC_IMPLEMENTATIONS = YES;
				CLANG_WARN_DIRECT_OBJC_ISA_USAGE = YES_ERROR;
				CLANG_WARN_DOCUMENTATION_COMMENTS = YES;
				CLANG_WARN_EMPTY_BODY = YES;
				CLANG_WARN_ENUM_CONVERSION = YES;
				CLANG_WARN_INFINITE_RECURSION = YES;
				CLANG_WARN_INT_CONVERSION = YES;
				CLANG_WARN_NON_LITERAL_NULL_CONVERSION = YES;
				CLANG_WARN_OBJC_IMPLICIT_RETAIN_SELF = YES;
				CLANG_WARN_OBJC_LITERAL_CONVERSION = YES;
				CLANG_WARN_OBJC_ROOT_CLASS = YES_ERROR;
				CLANG_WARN_QUOTED_INCLUDE_IN_FRAMEWORK_HEADER = YES;
				CLANG_WARN_RANGE_LOOP_ANALYSIS = YES;
				CLANG_WARN_STRICT_PROTOTYPES = YES;
				CLANG_WARN_SUSPICIOUS_MOVE = YES;
				CLANG_WARN_UNGUARDED_AVAILABILITY = YES_AGGRESSIVE;
				CLANG_WARN_UNREACHABLE_CODE = YES;
				CLANG_WARN__DUPLICATE_METHOD_MATCH = YES;
				COPY_PHASE_STRIP = NO;
				DEBUG_INFORMATION_FORMAT = "dwarf-with-dsym";
				ENABLE_NS_ASSERTIONS = NO;
				ENABLE_STRICT_OBJC_MSGSEND = YES;
				GCC_C_LANGUAGE_STANDARD = gnu11;
				GCC_NO_COMMON_BLOCKS = YES;
				GCC_WARN_64_TO_32_BIT_CONVERSION = YES;
				GCC_WARN_ABOUT_RETURN_TYPE = YES_ERROR;
				GCC_WARN_UNDECLARED_SELECTOR = YES;
				GCC_WARN_UNINITIALIZED_AUTOS = YES_AGGRESSIVE;
				GCC_WARN_UNUSED_FUNCTION = YES;
				GCC_WARN_UNUSED_VARIABLE = YES;
				IPHONEOS_DEPLOYMENT_TARGET = 15.5;
				MTL_ENABLE_DEBUG_INFO = NO;
				MTL_FAST_MATH = YES;
				SDKROOT = iphoneos;
				SWIFT_COMPILATION_MODE = wholemodule;
				SWIFT_OPTIMIZATION_LEVEL = "-O";
				VALIDATE_PRODUCT = YES;
			};
			name = Release;
		};
		CBDEA4BF28F40CFB00D6C36B /* Debug */ = {
			isa = XCBuildConfiguration;
			buildSettings = {
				ASSETCATALOG_COMPILER_APPICON_NAME = AppIcon;
				ASSETCATALOG_COMPILER_GLOBAL_ACCENT_COLOR_NAME = AccentColor;
				CLANG_ENABLE_MODULES = YES;
				CODE_SIGN_STYLE = Automatic;
				CURRENT_PROJECT_VERSION = 1;
				GENERATE_INFOPLIST_FILE = YES;
				INFOPLIST_FILE = GoFDesignPattern/Info.plist;
				INFOPLIST_KEY_UIApplicationSupportsIndirectInputEvents = YES;
				INFOPLIST_KEY_UILaunchStoryboardName = LaunchScreen;
				INFOPLIST_KEY_UIMainStoryboardFile = Main;
				INFOPLIST_KEY_UISupportedInterfaceOrientations_iPad = "UIInterfaceOrientationPortrait UIInterfaceOrientationPortraitUpsideDown UIInterfaceOrientationLandscapeLeft UIInterfaceOrientationLandscapeRight";
				INFOPLIST_KEY_UISupportedInterfaceOrientations_iPhone = "UIInterfaceOrientationPortrait UIInterfaceOrientationLandscapeLeft UIInterfaceOrientationLandscapeRight";
				LD_RUNPATH_SEARCH_PATHS = (
					"$(inherited)",
					"@executable_path/Frameworks",
				);
				MARKETING_VERSION = 1.0;
				PRODUCT_BUNDLE_IDENTIFIER = bong.com.GoFDesignPattern;
				PRODUCT_NAME = "$(TARGET_NAME)";
				SWIFT_EMIT_LOC_STRINGS = YES;
				SWIFT_OBJC_BRIDGING_HEADER = "";
				SWIFT_OPTIMIZATION_LEVEL = "-Onone";
				SWIFT_VERSION = 5.0;
				TARGETED_DEVICE_FAMILY = "1,2";
			};
			name = Debug;
		};
		CBDEA4C028F40CFB00D6C36B /* Release */ = {
			isa = XCBuildConfiguration;
			buildSettings = {
				ASSETCATALOG_COMPILER_APPICON_NAME = AppIcon;
				ASSETCATALOG_COMPILER_GLOBAL_ACCENT_COLOR_NAME = AccentColor;
				CLANG_ENABLE_MODULES = YES;
				CODE_SIGN_STYLE = Automatic;
				CURRENT_PROJECT_VERSION = 1;
				GENERATE_INFOPLIST_FILE = YES;
				INFOPLIST_FILE = GoFDesignPattern/Info.plist;
				INFOPLIST_KEY_UIApplicationSupportsIndirectInputEvents = YES;
				INFOPLIST_KEY_UILaunchStoryboardName = LaunchScreen;
				INFOPLIST_KEY_UIMainStoryboardFile = Main;
				INFOPLIST_KEY_UISupportedInterfaceOrientations_iPad = "UIInterfaceOrientationPortrait UIInterfaceOrientationPortraitUpsideDown UIInterfaceOrientationLandscapeLeft UIInterfaceOrientationLandscapeRight";
				INFOPLIST_KEY_UISupportedInterfaceOrientations_iPhone = "UIInterfaceOrientationPortrait UIInterfaceOrientationLandscapeLeft UIInterfaceOrientationLandscapeRight";
				LD_RUNPATH_SEARCH_PATHS = (
					"$(inherited)",
					"@executable_path/Frameworks",
				);
				MARKETING_VERSION = 1.0;
				PRODUCT_BUNDLE_IDENTIFIER = bong.com.GoFDesignPattern;
				PRODUCT_NAME = "$(TARGET_NAME)";
				SWIFT_EMIT_LOC_STRINGS = YES;
				SWIFT_OBJC_BRIDGING_HEADER = "";
				SWIFT_VERSION = 5.0;
				TARGETED_DEVICE_FAMILY = "1,2";
			};
			name = Release;
		};
/* End XCBuildConfiguration section */

/* Begin XCConfigurationList section */
		CBDEA4A528F40CF700D6C36B /* Build configuration list for PBXProject "GoFDesignPattern" */ = {
			isa = XCConfigurationList;
			buildConfigurations = (
				CBDEA4BC28F40CFB00D6C36B /* Debug */,
				CBDEA4BD28F40CFB00D6C36B /* Release */,
			);
			defaultConfigurationIsVisible = 0;
			defaultConfigurationName = Release;
		};
		CBDEA4BE28F40CFB00D6C36B /* Build configuration list for PBXNativeTarget "GoFDesignPattern" */ = {
			isa = XCConfigurationList;
			buildConfigurations = (
				CBDEA4BF28F40CFB00D6C36B /* Debug */,
				CBDEA4C028F40CFB00D6C36B /* Release */,
			);
			defaultConfigurationIsVisible = 0;
			defaultConfigurationName = Release;
		};
/* End XCConfigurationList section */
	};
	rootObject = CBDEA4A228F40CF700D6C36B /* Project object */;
}
